
Microsoft Visual Studio Solution File, Format Version 12.00
# Visual Studio Version 16
VisualStudioVersion = 16.0.32228.343
MinimumVisualStudioVersion = 10.0.40219.1
Project("{9A19103F-16F7-4668-BE54-9A1E7A4F7556}") = "Estudando_CSharp", "Estudando_CSharp\Estudando_CSharp.csproj", "{73B39FF0-2C33-4DE3-9E86-2B1C2512A831}"
EndProject
Project("{9A19103F-16F7-4668-BE54-9A1E7A4F7556}") = "Funcoes_Matematicas", "Funcoes_Matematicas\Funcoes_Matematicas.csproj", "{326BEEC5-2F4D-4FB7-A984-B171D8BE0F00}"
EndProject
Project("{9A19103F-16F7-4668-BE54-9A1E7A4F7556}") = "Exercicio_EstruturaSequencial", "Exercicio_EstruturaSequencial\Exercicio_EstruturaSequencial.csproj", "{4AF6038A-93E5-40E9-AE6D-6D9EB1BEA322}"
EndProject
Project("{9A19103F-16F7-4668-BE54-9A1E7A4F7556}") = "Exercicio_Uri1001", "Exercicio_Uri1001\Exercicio_Uri1001.csproj", "{43FFCD7F-FD2F-4A06-A2B7-0785FE3D094D}"
EndProject
Project("{9A19103F-16F7-4668-BE54-9A1E7A4F7556}") = "Exercicio_MedidasRetangulo", "Exercicio_MedidasTriangulo\Exercicio_MedidasRetangulo.csproj", "{98E10B7C-0903-48F1-9C06-CD88D276DC10}"
EndProject
Project("{9A19103F-16F7-4668-BE54-9A1E7A4F7556}") = "Exercicio_NomeIdade", "Exercicio_NomeIdade\Exercicio_NomeIdade.csproj", "{3DE40FFC-74DC-4E56-AE9E-6235988D4E62}"
EndProject
Project("{9A19103F-16F7-4668-BE54-9A1E7A4F7556}") = "Exercicio_Uri1019", "Exercicio_Uri1019\Exercicio_Uri1019.csproj", "{DE7AC5DC-A9A2-41E5-B34C-458221F616D8}"
EndProject
Project("{9A19103F-16F7-4668-BE54-9A1E7A4F7556}") = "Expressoes_Comparativas", "Expressoes_Comparativas\Expressoes_Comparativas.csproj", "{2EAEE28B-FF30-42C2-AECC-855459DBB8AD}"
EndProject
Project("{9A19103F-16F7-4668-BE54-9A1E7A4F7556}") = "Expressoes_Logicas", "Expressoes_Logicas\Expressoes_Logicas.csproj", "{0287A872-095F-4060-93EC-164FB4F4081A}"
EndProject
Project("{9A19103F-16F7-4668-BE54-9A1E7A4F7556}") = "Estrutura_Condicional", "Estrutura_Condicional\Estrutura_Condicional.csproj", "{B0A0CA6E-3B13-47A4-A6A6-BB7C5C5BB1EE}"
EndProject
Project("{9A19103F-16F7-4668-BE54-9A1E7A4F7556}") = "Exercicio_NotaFinal", "Exercicio_NotaFinal\Exercicio_NotaFinal.csproj", "{353C4AC3-7530-4F63-A4A6-388EB6C7FEF7}"
EndProject
Project("{9A19103F-16F7-4668-BE54-9A1E7A4F7556}") = "Exercicio_FormulaBaskara", "Exercicio_FormulaBaskara\Exercicio_FormulaBaskara.csproj", "{03BA17AF-CD0E-464F-AAA8-AA5068C005E0}"
EndProject
Project("{9A19103F-16F7-4668-BE54-9A1E7A4F7556}") = "Exercicio_MenorNumero", "Exercicio_MenorNumero\Exercicio_MenorNumero.csproj", "{9D53F607-90AF-47F3-A536-4A9CC45B8FC3}"
EndProject
Project("{9A19103F-16F7-4668-BE54-9A1E7A4F7556}") = "OperadorDeAtribuicaoCumulativa", "OperadorDeAtribuicaoCumulativa\OperadorDeAtribuicaoCumulativa.csproj", "{FA04FFFA-25DA-4778-8F83-9B914366FC66}"
EndProject
Project("{9A19103F-16F7-4668-BE54-9A1E7A4F7556}") = "Estrutura_SwitchCase", "Estrutura_SwitchCase\Estrutura_SwitchCase.csproj", "{D33DE289-EBC2-4F79-B8B1-F8B2B2F92955}"
EndProject
Project("{9A19103F-16F7-4668-BE54-9A1E7A4F7556}") = "Estrutura_While", "Estrutura_While\Estrutura_While.csproj", "{90EDA6B6-7872-455C-A509-EF8704BFF7FE}"
EndProject
Project("{9A19103F-16F7-4668-BE54-9A1E7A4F7556}") = "Exercicio_Uri1113", "Exercicio_Uri1113\Exercicio_Uri1113.csproj", "{C43FB882-461A-4B55-A0DE-0AC7C2FE7310}"
EndProject
Project("{9A19103F-16F7-4668-BE54-9A1E7A4F7556}") = "Exercicio_WhileMediaIdade", "Exercicio_WhileMediaIdade\Exercicio_WhileMediaIdade.csproj", "{A290B442-2A98-4361-A605-ADCF7E6FDCE7}"
EndProject
Project("{9A19103F-16F7-4668-BE54-9A1E7A4F7556}") = "Estrutura_For", "Estrutura_For\Estrutura_For.csproj", "{68DE9840-87A0-4120-8CB5-E265AF38FAAD}"
EndProject
Project("{9A19103F-16F7-4668-BE54-9A1E7A4F7556}") = "Exercicio_Uri1078", "Exercicio_Uri1078\Exercicio_Uri1078.csproj", "{67210962-702A-4E0D-B64A-D8D33F318E73}"
EndProject
Project("{9A19103F-16F7-4668-BE54-9A1E7A4F7556}") = "Exercicio_Uri1071", "Exercicio_Uri1071\Exercicio_Uri1071.csproj", "{0C97DEDF-46E0-432D-9792-3DC51914BDDD}"
EndProject
Project("{9A19103F-16F7-4668-BE54-9A1E7A4F7556}") = "Estrutura_doWhile", "Estrutura_Foreach\Estrutura_doWhile.csproj", "{702B8B75-C51B-4FF1-93B5-373C77168642}"
EndProject
Project("{9A19103F-16F7-4668-BE54-9A1E7A4F7556}") = "Vetores", "Vetores\Vetores.csproj", "{746AFB00-99FC-4908-A702-3AD51E0B704D}"
EndProject
Project("{9A19103F-16F7-4668-BE54-9A1E7A4F7556}") = "Exercicio_VetoresAula57", "Exercicio_VetoresAula57\Exercicio_VetoresAula57.csproj", "{99ACA905-F92A-46AA-911D-E1E6C2613447}"
EndProject
Project("{9A19103F-16F7-4668-BE54-9A1E7A4F7556}") = "Exercicio_VetoresAula58", "Exercicio_VetoresAula58\Exercicio_VetoresAula58.csproj", "{3014596E-E6AE-4051-A0DA-151080A50E18}"
EndProject
Project("{9A19103F-16F7-4668-BE54-9A1E7A4F7556}") = "Exercicio_VetoresAula59", "Exercicio_VetoresAula59\Exercicio_VetoresAula59.csproj", "{ADF379E8-A1B8-4B70-A4DF-65E21B50FAB3}"
EndProject
Project("{9A19103F-16F7-4668-BE54-9A1E7A4F7556}") = "Estrtutura_Foreach", "Estrtutura_Foreach\Estrtutura_Foreach.csproj", "{0F300169-171F-42F8-AF9D-57F99BA5A1FB}"
EndProject
Project("{9A19103F-16F7-4668-BE54-9A1E7A4F7556}") = "Matrizes", "Matrizes\Matrizes.csproj", "{11E96214-F81D-43B9-9FDA-47A142F5C1C8}"
EndProject
Project("{9A19103F-16F7-4668-BE54-9A1E7A4F7556}") = "Exercicio_Vetores01", "Exercicio_Vetores01\Exercicio_Vetores01.csproj", "{E001D6FD-E85D-4FBF-84FE-1E509685011A}"
EndProject
Project("{9A19103F-16F7-4668-BE54-9A1E7A4F7556}") = "Exercicio_MatrizAula66", "Exercicio_MatrizAula66\Exercicio_MatrizAula66.csproj", "{0741007D-AFC8-455F-85AD-C41BD54B650F}"
EndProject
Project("{9A19103F-16F7-4668-BE54-9A1E7A4F7556}") = "Exercicio_MatrizAula67", "Exercicio_MatrizAula67\Exercicio_MatrizAula67.csproj", "{E126BBBD-D86A-433B-88A6-822DAEDBBE40}"
EndProject
Project("{2150E333-8FDC-42A3-9474-1A3956D46DE8}") = "Certificado_LogicaProgramacaoCSharp", "Certificado_LogicaProgramacaoCSharp", "{D4EC1C32-15B3-4A1F-ADED-9C597626F9EA}"
	ProjectSection(SolutionItems) = preProject
		..\UC-635d9780-3ec1-43e0-983f-139108f1d1bf.jpg = ..\UC-635d9780-3ec1-43e0-983f-139108f1d1bf.jpg
	EndProjectSection
EndProject
Project("{2150E333-8FDC-42A3-9474-1A3956D46DE8}") = "LogicaEAlgoritimos", "LogicaEAlgoritimos", "{64085CBF-2292-4973-88EB-FC32E66B9B2D}"
EndProject
Project("{2150E333-8FDC-42A3-9474-1A3956D46DE8}") = "POO", "POO", "{6ACFC89A-4762-46CB-BAEC-F22E1A239A71}"
EndProject
Project("{9A19103F-16F7-4668-BE54-9A1E7A4F7556}") = "Introducao", "Introducao\Introducao.csproj", "{477B89A8-66C6-4E36-BA79-966E4BDBFAA7}"
EndProject
Project("{9A19103F-16F7-4668-BE54-9A1E7A4F7556}") = "Comportamento_POO", "Comportamento_POO\Comportamento_POO.csproj", "{C587F681-E41E-4D6D-82D9-E60AD3A1C933}"
EndProject
Project("{9A19103F-16F7-4668-BE54-9A1E7A4F7556}") = "Comportamento_POOClasse", "Comportamento_POOClasse\Comportamento_POOClasse.csproj", "{AA633ED2-F3D4-4D5D-BE2F-C66CEED3B86C}"
EndProject
Project("{9A19103F-16F7-4668-BE54-9A1E7A4F7556}") = "PrimeirosExercicios_POO01", "PrimeirosExercicios_POO01\PrimeirosExercicios_POO01.csproj", "{EBE83729-A123-4BBA-A09E-D421250FE9D5}"
EndProject
Project("{9A19103F-16F7-4668-BE54-9A1E7A4F7556}") = "PrimeirosExercicios_POO02", "PrimeirosExercicios_POO02\PrimeirosExercicios_POO02.csproj", "{32B8070C-FBA1-4DF1-B941-7B86F6F9C9E5}"
EndProject
Project("{9A19103F-16F7-4668-BE54-9A1E7A4F7556}") = "Exercicio_POOAplicado01", "Exercicio_POOAplicado01\Exercicio_POOAplicado01.csproj", "{2AC13DA1-5357-47A1-A8C4-AFB5209D6E1C}"
EndProject
Project("{9A19103F-16F7-4668-BE54-9A1E7A4F7556}") = "ObjectEToString", "ObjectEToString\ObjectEToString.csproj", "{ABAF3BC5-E97E-43C0-BB19-BFCF86F81957}"
EndProject
Project("{9A19103F-16F7-4668-BE54-9A1E7A4F7556}") = "Exercicio_Vetores02", "Exercicio_Vetores02\Exercicio_Vetores02.csproj", "{0666FA76-CBBB-4E41-804B-06796D20604D}"
EndProject
Project("{9A19103F-16F7-4668-BE54-9A1E7A4F7556}") = "Exercicio_Classe01", "Exercicio_Classe01\Exercicio_Classe01.csproj", "{DEE8CDCF-69A1-4132-A538-039FE4309225}"
EndProject
Project("{9A19103F-16F7-4668-BE54-9A1E7A4F7556}") = "Exercicio_Classe02", "Exercicio_Classe02\Exercicio_Classe02.csproj", "{3EEBEFDF-7434-4A99-BC38-8D8800D96CC4}"
EndProject
Project("{9A19103F-16F7-4668-BE54-9A1E7A4F7556}") = "Exercicio_Classe03", "Exercicio_Classe03\Exercicio_Classe03.csproj", "{E3316993-9A7C-4143-A3E1-A92D80744B15}"
EndProject
Project("{9A19103F-16F7-4668-BE54-9A1E7A4F7556}") = "MembrosEstaticos", "MembrosEstaticos\MembrosEstaticos.csproj", "{14DD80E1-19A2-4CC9-97FA-A0A44140DB0D}"
EndProject
Project("{9A19103F-16F7-4668-BE54-9A1E7A4F7556}") = "Exercicio_MembrosEstaticos", "Exercicio_MembrosEstaticos\Exercicio_MembrosEstaticos.csproj", "{64F8E239-C173-425C-841C-AA5018900003}"
EndProject
Project("{9A19103F-16F7-4668-BE54-9A1E7A4F7556}") = "Construtores", "Construtores\Construtores.csproj", "{D5F5EB59-4A39-4353-82A1-861FDBD1154E}"
EndProject
Project("{FAE04EC0-301F-11D3-BF4B-00C04F79EFBC}") = "Sobrecarga", "Sobrecarga\Sobrecarga.csproj", "{01B5DE49-57B9-445B-99FD-01311DEC028A}"
EndProject
Global
	GlobalSection(SolutionConfigurationPlatforms) = preSolution
		Debug|Any CPU = Debug|Any CPU
		Release|Any CPU = Release|Any CPU
	EndGlobalSection
	GlobalSection(ProjectConfigurationPlatforms) = postSolution
		{73B39FF0-2C33-4DE3-9E86-2B1C2512A831}.Debug|Any CPU.ActiveCfg = Debug|Any CPU
		{73B39FF0-2C33-4DE3-9E86-2B1C2512A831}.Debug|Any CPU.Build.0 = Debug|Any CPU
		{73B39FF0-2C33-4DE3-9E86-2B1C2512A831}.Release|Any CPU.ActiveCfg = Release|Any CPU
		{73B39FF0-2C33-4DE3-9E86-2B1C2512A831}.Release|Any CPU.Build.0 = Release|Any CPU
		{326BEEC5-2F4D-4FB7-A984-B171D8BE0F00}.Debug|Any CPU.ActiveCfg = Debug|Any CPU
		{326BEEC5-2F4D-4FB7-A984-B171D8BE0F00}.Debug|Any CPU.Build.0 = Debug|Any CPU
		{326BEEC5-2F4D-4FB7-A984-B171D8BE0F00}.Release|Any CPU.ActiveCfg = Release|Any CPU
		{326BEEC5-2F4D-4FB7-A984-B171D8BE0F00}.Release|Any CPU.Build.0 = Release|Any CPU
		{4AF6038A-93E5-40E9-AE6D-6D9EB1BEA322}.Debug|Any CPU.ActiveCfg = Debug|Any CPU
		{4AF6038A-93E5-40E9-AE6D-6D9EB1BEA322}.Debug|Any CPU.Build.0 = Debug|Any CPU
		{4AF6038A-93E5-40E9-AE6D-6D9EB1BEA322}.Release|Any CPU.ActiveCfg = Release|Any CPU
		{4AF6038A-93E5-40E9-AE6D-6D9EB1BEA322}.Release|Any CPU.Build.0 = Release|Any CPU
		{43FFCD7F-FD2F-4A06-A2B7-0785FE3D094D}.Debug|Any CPU.ActiveCfg = Debug|Any CPU
		{43FFCD7F-FD2F-4A06-A2B7-0785FE3D094D}.Debug|Any CPU.Build.0 = Debug|Any CPU
		{43FFCD7F-FD2F-4A06-A2B7-0785FE3D094D}.Release|Any CPU.ActiveCfg = Release|Any CPU
		{43FFCD7F-FD2F-4A06-A2B7-0785FE3D094D}.Release|Any CPU.Build.0 = Release|Any CPU
		{98E10B7C-0903-48F1-9C06-CD88D276DC10}.Debug|Any CPU.ActiveCfg = Debug|Any CPU
		{98E10B7C-0903-48F1-9C06-CD88D276DC10}.Debug|Any CPU.Build.0 = Debug|Any CPU
		{98E10B7C-0903-48F1-9C06-CD88D276DC10}.Release|Any CPU.ActiveCfg = Release|Any CPU
		{98E10B7C-0903-48F1-9C06-CD88D276DC10}.Release|Any CPU.Build.0 = Release|Any CPU
		{3DE40FFC-74DC-4E56-AE9E-6235988D4E62}.Debug|Any CPU.ActiveCfg = Debug|Any CPU
		{3DE40FFC-74DC-4E56-AE9E-6235988D4E62}.Debug|Any CPU.Build.0 = Debug|Any CPU
		{3DE40FFC-74DC-4E56-AE9E-6235988D4E62}.Release|Any CPU.ActiveCfg = Release|Any CPU
		{3DE40FFC-74DC-4E56-AE9E-6235988D4E62}.Release|Any CPU.Build.0 = Release|Any CPU
		{DE7AC5DC-A9A2-41E5-B34C-458221F616D8}.Debug|Any CPU.ActiveCfg = Debug|Any CPU
		{DE7AC5DC-A9A2-41E5-B34C-458221F616D8}.Debug|Any CPU.Build.0 = Debug|Any CPU
		{DE7AC5DC-A9A2-41E5-B34C-458221F616D8}.Release|Any CPU.ActiveCfg = Release|Any CPU
		{DE7AC5DC-A9A2-41E5-B34C-458221F616D8}.Release|Any CPU.Build.0 = Release|Any CPU
		{2EAEE28B-FF30-42C2-AECC-855459DBB8AD}.Debug|Any CPU.ActiveCfg = Debug|Any CPU
		{2EAEE28B-FF30-42C2-AECC-855459DBB8AD}.Debug|Any CPU.Build.0 = Debug|Any CPU
		{2EAEE28B-FF30-42C2-AECC-855459DBB8AD}.Release|Any CPU.ActiveCfg = Release|Any CPU
		{2EAEE28B-FF30-42C2-AECC-855459DBB8AD}.Release|Any CPU.Build.0 = Release|Any CPU
		{0287A872-095F-4060-93EC-164FB4F4081A}.Debug|Any CPU.ActiveCfg = Debug|Any CPU
		{0287A872-095F-4060-93EC-164FB4F4081A}.Debug|Any CPU.Build.0 = Debug|Any CPU
		{0287A872-095F-4060-93EC-164FB4F4081A}.Release|Any CPU.ActiveCfg = Release|Any CPU
		{0287A872-095F-4060-93EC-164FB4F4081A}.Release|Any CPU.Build.0 = Release|Any CPU
		{B0A0CA6E-3B13-47A4-A6A6-BB7C5C5BB1EE}.Debug|Any CPU.ActiveCfg = Debug|Any CPU
		{B0A0CA6E-3B13-47A4-A6A6-BB7C5C5BB1EE}.Debug|Any CPU.Build.0 = Debug|Any CPU
		{B0A0CA6E-3B13-47A4-A6A6-BB7C5C5BB1EE}.Release|Any CPU.ActiveCfg = Release|Any CPU
		{B0A0CA6E-3B13-47A4-A6A6-BB7C5C5BB1EE}.Release|Any CPU.Build.0 = Release|Any CPU
		{353C4AC3-7530-4F63-A4A6-388EB6C7FEF7}.Debug|Any CPU.ActiveCfg = Debug|Any CPU
		{353C4AC3-7530-4F63-A4A6-388EB6C7FEF7}.Debug|Any CPU.Build.0 = Debug|Any CPU
		{353C4AC3-7530-4F63-A4A6-388EB6C7FEF7}.Release|Any CPU.ActiveCfg = Release|Any CPU
		{353C4AC3-7530-4F63-A4A6-388EB6C7FEF7}.Release|Any CPU.Build.0 = Release|Any CPU
		{03BA17AF-CD0E-464F-AAA8-AA5068C005E0}.Debug|Any CPU.ActiveCfg = Debug|Any CPU
		{03BA17AF-CD0E-464F-AAA8-AA5068C005E0}.Debug|Any CPU.Build.0 = Debug|Any CPU
		{03BA17AF-CD0E-464F-AAA8-AA5068C005E0}.Release|Any CPU.ActiveCfg = Release|Any CPU
		{03BA17AF-CD0E-464F-AAA8-AA5068C005E0}.Release|Any CPU.Build.0 = Release|Any CPU
		{9D53F607-90AF-47F3-A536-4A9CC45B8FC3}.Debug|Any CPU.ActiveCfg = Debug|Any CPU
		{9D53F607-90AF-47F3-A536-4A9CC45B8FC3}.Debug|Any CPU.Build.0 = Debug|Any CPU
		{9D53F607-90AF-47F3-A536-4A9CC45B8FC3}.Release|Any CPU.ActiveCfg = Release|Any CPU
		{9D53F607-90AF-47F3-A536-4A9CC45B8FC3}.Release|Any CPU.Build.0 = Release|Any CPU
		{FA04FFFA-25DA-4778-8F83-9B914366FC66}.Debug|Any CPU.ActiveCfg = Debug|Any CPU
		{FA04FFFA-25DA-4778-8F83-9B914366FC66}.Debug|Any CPU.Build.0 = Debug|Any CPU
		{FA04FFFA-25DA-4778-8F83-9B914366FC66}.Release|Any CPU.ActiveCfg = Release|Any CPU
		{FA04FFFA-25DA-4778-8F83-9B914366FC66}.Release|Any CPU.Build.0 = Release|Any CPU
		{D33DE289-EBC2-4F79-B8B1-F8B2B2F92955}.Debug|Any CPU.ActiveCfg = Debug|Any CPU
		{D33DE289-EBC2-4F79-B8B1-F8B2B2F92955}.Debug|Any CPU.Build.0 = Debug|Any CPU
		{D33DE289-EBC2-4F79-B8B1-F8B2B2F92955}.Release|Any CPU.ActiveCfg = Release|Any CPU
		{D33DE289-EBC2-4F79-B8B1-F8B2B2F92955}.Release|Any CPU.Build.0 = Release|Any CPU
		{90EDA6B6-7872-455C-A509-EF8704BFF7FE}.Debug|Any CPU.ActiveCfg = Debug|Any CPU
		{90EDA6B6-7872-455C-A509-EF8704BFF7FE}.Debug|Any CPU.Build.0 = Debug|Any CPU
		{90EDA6B6-7872-455C-A509-EF8704BFF7FE}.Release|Any CPU.ActiveCfg = Release|Any CPU
		{90EDA6B6-7872-455C-A509-EF8704BFF7FE}.Release|Any CPU.Build.0 = Release|Any CPU
		{C43FB882-461A-4B55-A0DE-0AC7C2FE7310}.Debug|Any CPU.ActiveCfg = Debug|Any CPU
		{C43FB882-461A-4B55-A0DE-0AC7C2FE7310}.Debug|Any CPU.Build.0 = Debug|Any CPU
		{C43FB882-461A-4B55-A0DE-0AC7C2FE7310}.Release|Any CPU.ActiveCfg = Release|Any CPU
		{C43FB882-461A-4B55-A0DE-0AC7C2FE7310}.Release|Any CPU.Build.0 = Release|Any CPU
		{A290B442-2A98-4361-A605-ADCF7E6FDCE7}.Debug|Any CPU.ActiveCfg = Debug|Any CPU
		{A290B442-2A98-4361-A605-ADCF7E6FDCE7}.Debug|Any CPU.Build.0 = Debug|Any CPU
		{A290B442-2A98-4361-A605-ADCF7E6FDCE7}.Release|Any CPU.ActiveCfg = Release|Any CPU
		{A290B442-2A98-4361-A605-ADCF7E6FDCE7}.Release|Any CPU.Build.0 = Release|Any CPU
		{68DE9840-87A0-4120-8CB5-E265AF38FAAD}.Debug|Any CPU.ActiveCfg = Debug|Any CPU
		{68DE9840-87A0-4120-8CB5-E265AF38FAAD}.Debug|Any CPU.Build.0 = Debug|Any CPU
		{68DE9840-87A0-4120-8CB5-E265AF38FAAD}.Release|Any CPU.ActiveCfg = Release|Any CPU
		{68DE9840-87A0-4120-8CB5-E265AF38FAAD}.Release|Any CPU.Build.0 = Release|Any CPU
		{67210962-702A-4E0D-B64A-D8D33F318E73}.Debug|Any CPU.ActiveCfg = Debug|Any CPU
		{67210962-702A-4E0D-B64A-D8D33F318E73}.Debug|Any CPU.Build.0 = Debug|Any CPU
		{67210962-702A-4E0D-B64A-D8D33F318E73}.Release|Any CPU.ActiveCfg = Release|Any CPU
		{67210962-702A-4E0D-B64A-D8D33F318E73}.Release|Any CPU.Build.0 = Release|Any CPU
		{0C97DEDF-46E0-432D-9792-3DC51914BDDD}.Debug|Any CPU.ActiveCfg = Debug|Any CPU
		{0C97DEDF-46E0-432D-9792-3DC51914BDDD}.Debug|Any CPU.Build.0 = Debug|Any CPU
		{0C97DEDF-46E0-432D-9792-3DC51914BDDD}.Release|Any CPU.ActiveCfg = Release|Any CPU
		{0C97DEDF-46E0-432D-9792-3DC51914BDDD}.Release|Any CPU.Build.0 = Release|Any CPU
		{702B8B75-C51B-4FF1-93B5-373C77168642}.Debug|Any CPU.ActiveCfg = Debug|Any CPU
		{702B8B75-C51B-4FF1-93B5-373C77168642}.Debug|Any CPU.Build.0 = Debug|Any CPU
		{702B8B75-C51B-4FF1-93B5-373C77168642}.Release|Any CPU.ActiveCfg = Release|Any CPU
		{702B8B75-C51B-4FF1-93B5-373C77168642}.Release|Any CPU.Build.0 = Release|Any CPU
		{746AFB00-99FC-4908-A702-3AD51E0B704D}.Debug|Any CPU.ActiveCfg = Debug|Any CPU
		{746AFB00-99FC-4908-A702-3AD51E0B704D}.Debug|Any CPU.Build.0 = Debug|Any CPU
		{746AFB00-99FC-4908-A702-3AD51E0B704D}.Release|Any CPU.ActiveCfg = Release|Any CPU
		{746AFB00-99FC-4908-A702-3AD51E0B704D}.Release|Any CPU.Build.0 = Release|Any CPU
		{99ACA905-F92A-46AA-911D-E1E6C2613447}.Debug|Any CPU.ActiveCfg = Debug|Any CPU
		{99ACA905-F92A-46AA-911D-E1E6C2613447}.Debug|Any CPU.Build.0 = Debug|Any CPU
		{99ACA905-F92A-46AA-911D-E1E6C2613447}.Release|Any CPU.ActiveCfg = Release|Any CPU
		{99ACA905-F92A-46AA-911D-E1E6C2613447}.Release|Any CPU.Build.0 = Release|Any CPU
		{3014596E-E6AE-4051-A0DA-151080A50E18}.Debug|Any CPU.ActiveCfg = Debug|Any CPU
		{3014596E-E6AE-4051-A0DA-151080A50E18}.Debug|Any CPU.Build.0 = Debug|Any CPU
		{3014596E-E6AE-4051-A0DA-151080A50E18}.Release|Any CPU.ActiveCfg = Release|Any CPU
		{3014596E-E6AE-4051-A0DA-151080A50E18}.Release|Any CPU.Build.0 = Release|Any CPU
		{ADF379E8-A1B8-4B70-A4DF-65E21B50FAB3}.Debug|Any CPU.ActiveCfg = Debug|Any CPU
		{ADF379E8-A1B8-4B70-A4DF-65E21B50FAB3}.Debug|Any CPU.Build.0 = Debug|Any CPU
		{ADF379E8-A1B8-4B70-A4DF-65E21B50FAB3}.Release|Any CPU.ActiveCfg = Release|Any CPU
		{ADF379E8-A1B8-4B70-A4DF-65E21B50FAB3}.Release|Any CPU.Build.0 = Release|Any CPU
		{0F300169-171F-42F8-AF9D-57F99BA5A1FB}.Debug|Any CPU.ActiveCfg = Debug|Any CPU
		{0F300169-171F-42F8-AF9D-57F99BA5A1FB}.Debug|Any CPU.Build.0 = Debug|Any CPU
		{0F300169-171F-42F8-AF9D-57F99BA5A1FB}.Release|Any CPU.ActiveCfg = Release|Any CPU
		{0F300169-171F-42F8-AF9D-57F99BA5A1FB}.Release|Any CPU.Build.0 = Release|Any CPU
		{11E96214-F81D-43B9-9FDA-47A142F5C1C8}.Debug|Any CPU.ActiveCfg = Debug|Any CPU
		{11E96214-F81D-43B9-9FDA-47A142F5C1C8}.Debug|Any CPU.Build.0 = Debug|Any CPU
		{11E96214-F81D-43B9-9FDA-47A142F5C1C8}.Release|Any CPU.ActiveCfg = Release|Any CPU
		{11E96214-F81D-43B9-9FDA-47A142F5C1C8}.Release|Any CPU.Build.0 = Release|Any CPU
		{E001D6FD-E85D-4FBF-84FE-1E509685011A}.Debug|Any CPU.ActiveCfg = Debug|Any CPU
		{E001D6FD-E85D-4FBF-84FE-1E509685011A}.Debug|Any CPU.Build.0 = Debug|Any CPU
		{E001D6FD-E85D-4FBF-84FE-1E509685011A}.Release|Any CPU.ActiveCfg = Release|Any CPU
		{E001D6FD-E85D-4FBF-84FE-1E509685011A}.Release|Any CPU.Build.0 = Release|Any CPU
		{0741007D-AFC8-455F-85AD-C41BD54B650F}.Debug|Any CPU.ActiveCfg = Debug|Any CPU
		{0741007D-AFC8-455F-85AD-C41BD54B650F}.Debug|Any CPU.Build.0 = Debug|Any CPU
		{0741007D-AFC8-455F-85AD-C41BD54B650F}.Release|Any CPU.ActiveCfg = Release|Any CPU
		{0741007D-AFC8-455F-85AD-C41BD54B650F}.Release|Any CPU.Build.0 = Release|Any CPU
		{E126BBBD-D86A-433B-88A6-822DAEDBBE40}.Debug|Any CPU.ActiveCfg = Debug|Any CPU
		{E126BBBD-D86A-433B-88A6-822DAEDBBE40}.Debug|Any CPU.Build.0 = Debug|Any CPU
		{E126BBBD-D86A-433B-88A6-822DAEDBBE40}.Release|Any CPU.ActiveCfg = Release|Any CPU
		{E126BBBD-D86A-433B-88A6-822DAEDBBE40}.Release|Any CPU.Build.0 = Release|Any CPU
		{477B89A8-66C6-4E36-BA79-966E4BDBFAA7}.Debug|Any CPU.ActiveCfg = Debug|Any CPU
		{477B89A8-66C6-4E36-BA79-966E4BDBFAA7}.Debug|Any CPU.Build.0 = Debug|Any CPU
		{477B89A8-66C6-4E36-BA79-966E4BDBFAA7}.Release|Any CPU.ActiveCfg = Release|Any CPU
		{477B89A8-66C6-4E36-BA79-966E4BDBFAA7}.Release|Any CPU.Build.0 = Release|Any CPU
		{C587F681-E41E-4D6D-82D9-E60AD3A1C933}.Debug|Any CPU.ActiveCfg = Debug|Any CPU
		{C587F681-E41E-4D6D-82D9-E60AD3A1C933}.Debug|Any CPU.Build.0 = Debug|Any CPU
		{C587F681-E41E-4D6D-82D9-E60AD3A1C933}.Release|Any CPU.ActiveCfg = Release|Any CPU
		{C587F681-E41E-4D6D-82D9-E60AD3A1C933}.Release|Any CPU.Build.0 = Release|Any CPU
		{AA633ED2-F3D4-4D5D-BE2F-C66CEED3B86C}.Debug|Any CPU.ActiveCfg = Debug|Any CPU
		{AA633ED2-F3D4-4D5D-BE2F-C66CEED3B86C}.Debug|Any CPU.Build.0 = Debug|Any CPU
		{AA633ED2-F3D4-4D5D-BE2F-C66CEED3B86C}.Release|Any CPU.ActiveCfg = Release|Any CPU
		{AA633ED2-F3D4-4D5D-BE2F-C66CEED3B86C}.Release|Any CPU.Build.0 = Release|Any CPU
		{EBE83729-A123-4BBA-A09E-D421250FE9D5}.Debug|Any CPU.ActiveCfg = Debug|Any CPU
		{EBE83729-A123-4BBA-A09E-D421250FE9D5}.Debug|Any CPU.Build.0 = Debug|Any CPU
		{EBE83729-A123-4BBA-A09E-D421250FE9D5}.Release|Any CPU.ActiveCfg = Release|Any CPU
		{EBE83729-A123-4BBA-A09E-D421250FE9D5}.Release|Any CPU.Build.0 = Release|Any CPU
		{32B8070C-FBA1-4DF1-B941-7B86F6F9C9E5}.Debug|Any CPU.ActiveCfg = Debug|Any CPU
		{32B8070C-FBA1-4DF1-B941-7B86F6F9C9E5}.Debug|Any CPU.Build.0 = Debug|Any CPU
		{32B8070C-FBA1-4DF1-B941-7B86F6F9C9E5}.Release|Any CPU.ActiveCfg = Release|Any CPU
		{32B8070C-FBA1-4DF1-B941-7B86F6F9C9E5}.Release|Any CPU.Build.0 = Release|Any CPU
		{2AC13DA1-5357-47A1-A8C4-AFB5209D6E1C}.Debug|Any CPU.ActiveCfg = Debug|Any CPU
		{2AC13DA1-5357-47A1-A8C4-AFB5209D6E1C}.Debug|Any CPU.Build.0 = Debug|Any CPU
		{2AC13DA1-5357-47A1-A8C4-AFB5209D6E1C}.Release|Any CPU.ActiveCfg = Release|Any CPU
		{2AC13DA1-5357-47A1-A8C4-AFB5209D6E1C}.Release|Any CPU.Build.0 = Release|Any CPU
		{ABAF3BC5-E97E-43C0-BB19-BFCF86F81957}.Debug|Any CPU.ActiveCfg = Debug|Any CPU
		{ABAF3BC5-E97E-43C0-BB19-BFCF86F81957}.Debug|Any CPU.Build.0 = Debug|Any CPU
		{ABAF3BC5-E97E-43C0-BB19-BFCF86F81957}.Release|Any CPU.ActiveCfg = Release|Any CPU
		{ABAF3BC5-E97E-43C0-BB19-BFCF86F81957}.Release|Any CPU.Build.0 = Release|Any CPU
		{0666FA76-CBBB-4E41-804B-06796D20604D}.Debug|Any CPU.ActiveCfg = Debug|Any CPU
		{0666FA76-CBBB-4E41-804B-06796D20604D}.Debug|Any CPU.Build.0 = Debug|Any CPU
		{0666FA76-CBBB-4E41-804B-06796D20604D}.Release|Any CPU.ActiveCfg = Release|Any CPU
		{0666FA76-CBBB-4E41-804B-06796D20604D}.Release|Any CPU.Build.0 = Release|Any CPU
		{DEE8CDCF-69A1-4132-A538-039FE4309225}.Debug|Any CPU.ActiveCfg = Debug|Any CPU
		{DEE8CDCF-69A1-4132-A538-039FE4309225}.Debug|Any CPU.Build.0 = Debug|Any CPU
		{DEE8CDCF-69A1-4132-A538-039FE4309225}.Release|Any CPU.ActiveCfg = Release|Any CPU
		{DEE8CDCF-69A1-4132-A538-039FE4309225}.Release|Any CPU.Build.0 = Release|Any CPU
		{3EEBEFDF-7434-4A99-BC38-8D8800D96CC4}.Debug|Any CPU.ActiveCfg = Debug|Any CPU
		{3EEBEFDF-7434-4A99-BC38-8D8800D96CC4}.Debug|Any CPU.Build.0 = Debug|Any CPU
		{3EEBEFDF-7434-4A99-BC38-8D8800D96CC4}.Release|Any CPU.ActiveCfg = Release|Any CPU
		{3EEBEFDF-7434-4A99-BC38-8D8800D96CC4}.Release|Any CPU.Build.0 = Release|Any CPU
		{E3316993-9A7C-4143-A3E1-A92D80744B15}.Debug|Any CPU.ActiveCfg = Debug|Any CPU
		{E3316993-9A7C-4143-A3E1-A92D80744B15}.Debug|Any CPU.Build.0 = Debug|Any CPU
		{E3316993-9A7C-4143-A3E1-A92D80744B15}.Release|Any CPU.ActiveCfg = Release|Any CPU
		{E3316993-9A7C-4143-A3E1-A92D80744B15}.Release|Any CPU.Build.0 = Release|Any CPU
		{14DD80E1-19A2-4CC9-97FA-A0A44140DB0D}.Debug|Any CPU.ActiveCfg = Debug|Any CPU
		{14DD80E1-19A2-4CC9-97FA-A0A44140DB0D}.Debug|Any CPU.Build.0 = Debug|Any CPU
		{14DD80E1-19A2-4CC9-97FA-A0A44140DB0D}.Release|Any CPU.ActiveCfg = Release|Any CPU
		{14DD80E1-19A2-4CC9-97FA-A0A44140DB0D}.Release|Any CPU.Build.0 = Release|Any CPU
		{64F8E239-C173-425C-841C-AA5018900003}.Debug|Any CPU.ActiveCfg = Debug|Any CPU
		{64F8E239-C173-425C-841C-AA5018900003}.Debug|Any CPU.Build.0 = Debug|Any CPU
		{64F8E239-C173-425C-841C-AA5018900003}.Release|Any CPU.ActiveCfg = Release|Any CPU
		{64F8E239-C173-425C-841C-AA5018900003}.Release|Any CPU.Build.0 = Release|Any CPU
		{D5F5EB59-4A39-4353-82A1-861FDBD1154E}.Debug|Any CPU.ActiveCfg = Debug|Any CPU
		{D5F5EB59-4A39-4353-82A1-861FDBD1154E}.Debug|Any CPU.Build.0 = Debug|Any CPU
		{D5F5EB59-4A39-4353-82A1-861FDBD1154E}.Release|Any CPU.ActiveCfg = Release|Any CPU
		{D5F5EB59-4A39-4353-82A1-861FDBD1154E}.Release|Any CPU.Build.0 = Release|Any CPU
		{01B5DE49-57B9-445B-99FD-01311DEC028A}.Debug|Any CPU.ActiveCfg = Debug|Any CPU
		{01B5DE49-57B9-445B-99FD-01311DEC028A}.Debug|Any CPU.Build.0 = Debug|Any CPU
		{01B5DE49-57B9-445B-99FD-01311DEC028A}.Release|Any CPU.ActiveCfg = Release|Any CPU
		{01B5DE49-57B9-445B-99FD-01311DEC028A}.Release|Any CPU.Build.0 = Release|Any CPU
	EndGlobalSection
	GlobalSection(SolutionProperties) = preSolution
		HideSolutionNode = FALSE
	EndGlobalSection
	GlobalSection(NestedProjects) = preSolution
		{73B39FF0-2C33-4DE3-9E86-2B1C2512A831} = {64085CBF-2292-4973-88EB-FC32E66B9B2D}
		{326BEEC5-2F4D-4FB7-A984-B171D8BE0F00} = {64085CBF-2292-4973-88EB-FC32E66B9B2D}
		{4AF6038A-93E5-40E9-AE6D-6D9EB1BEA322} = {64085CBF-2292-4973-88EB-FC32E66B9B2D}
		{43FFCD7F-FD2F-4A06-A2B7-0785FE3D094D} = {64085CBF-2292-4973-88EB-FC32E66B9B2D}
		{98E10B7C-0903-48F1-9C06-CD88D276DC10} = {64085CBF-2292-4973-88EB-FC32E66B9B2D}
		{3DE40FFC-74DC-4E56-AE9E-6235988D4E62} = {64085CBF-2292-4973-88EB-FC32E66B9B2D}
		{DE7AC5DC-A9A2-41E5-B34C-458221F616D8} = {64085CBF-2292-4973-88EB-FC32E66B9B2D}
		{2EAEE28B-FF30-42C2-AECC-855459DBB8AD} = {64085CBF-2292-4973-88EB-FC32E66B9B2D}
		{0287A872-095F-4060-93EC-164FB4F4081A} = {64085CBF-2292-4973-88EB-FC32E66B9B2D}
		{B0A0CA6E-3B13-47A4-A6A6-BB7C5C5BB1EE} = {64085CBF-2292-4973-88EB-FC32E66B9B2D}
		{353C4AC3-7530-4F63-A4A6-388EB6C7FEF7} = {64085CBF-2292-4973-88EB-FC32E66B9B2D}
		{03BA17AF-CD0E-464F-AAA8-AA5068C005E0} = {64085CBF-2292-4973-88EB-FC32E66B9B2D}
		{9D53F607-90AF-47F3-A536-4A9CC45B8FC3} = {64085CBF-2292-4973-88EB-FC32E66B9B2D}
		{FA04FFFA-25DA-4778-8F83-9B914366FC66} = {64085CBF-2292-4973-88EB-FC32E66B9B2D}
		{D33DE289-EBC2-4F79-B8B1-F8B2B2F92955} = {64085CBF-2292-4973-88EB-FC32E66B9B2D}
		{90EDA6B6-7872-455C-A509-EF8704BFF7FE} = {64085CBF-2292-4973-88EB-FC32E66B9B2D}
		{C43FB882-461A-4B55-A0DE-0AC7C2FE7310} = {64085CBF-2292-4973-88EB-FC32E66B9B2D}
		{A290B442-2A98-4361-A605-ADCF7E6FDCE7} = {64085CBF-2292-4973-88EB-FC32E66B9B2D}
		{68DE9840-87A0-4120-8CB5-E265AF38FAAD} = {64085CBF-2292-4973-88EB-FC32E66B9B2D}
		{67210962-702A-4E0D-B64A-D8D33F318E73} = {64085CBF-2292-4973-88EB-FC32E66B9B2D}
		{0C97DEDF-46E0-432D-9792-3DC51914BDDD} = {64085CBF-2292-4973-88EB-FC32E66B9B2D}
		{702B8B75-C51B-4FF1-93B5-373C77168642} = {64085CBF-2292-4973-88EB-FC32E66B9B2D}
		{746AFB00-99FC-4908-A702-3AD51E0B704D} = {64085CBF-2292-4973-88EB-FC32E66B9B2D}
		{99ACA905-F92A-46AA-911D-E1E6C2613447} = {64085CBF-2292-4973-88EB-FC32E66B9B2D}
		{3014596E-E6AE-4051-A0DA-151080A50E18} = {64085CBF-2292-4973-88EB-FC32E66B9B2D}
		{ADF379E8-A1B8-4B70-A4DF-65E21B50FAB3} = {64085CBF-2292-4973-88EB-FC32E66B9B2D}
		{0F300169-171F-42F8-AF9D-57F99BA5A1FB} = {64085CBF-2292-4973-88EB-FC32E66B9B2D}
		{11E96214-F81D-43B9-9FDA-47A142F5C1C8} = {64085CBF-2292-4973-88EB-FC32E66B9B2D}
		{E001D6FD-E85D-4FBF-84FE-1E509685011A} = {64085CBF-2292-4973-88EB-FC32E66B9B2D}
		{0741007D-AFC8-455F-85AD-C41BD54B650F} = {64085CBF-2292-4973-88EB-FC32E66B9B2D}
		{E126BBBD-D86A-433B-88A6-822DAEDBBE40} = {64085CBF-2292-4973-88EB-FC32E66B9B2D}
		{477B89A8-66C6-4E36-BA79-966E4BDBFAA7} = {6ACFC89A-4762-46CB-BAEC-F22E1A239A71}
		{C587F681-E41E-4D6D-82D9-E60AD3A1C933} = {6ACFC89A-4762-46CB-BAEC-F22E1A239A71}
		{AA633ED2-F3D4-4D5D-BE2F-C66CEED3B86C} = {6ACFC89A-4762-46CB-BAEC-F22E1A239A71}
		{EBE83729-A123-4BBA-A09E-D421250FE9D5} = {6ACFC89A-4762-46CB-BAEC-F22E1A239A71}
		{32B8070C-FBA1-4DF1-B941-7B86F6F9C9E5} = {6ACFC89A-4762-46CB-BAEC-F22E1A239A71}
		{2AC13DA1-5357-47A1-A8C4-AFB5209D6E1C} = {6ACFC89A-4762-46CB-BAEC-F22E1A239A71}
		{ABAF3BC5-E97E-43C0-BB19-BFCF86F81957} = {6ACFC89A-4762-46CB-BAEC-F22E1A239A71}
		{0666FA76-CBBB-4E41-804B-06796D20604D} = {64085CBF-2292-4973-88EB-FC32E66B9B2D}
		{DEE8CDCF-69A1-4132-A538-039FE4309225} = {6ACFC89A-4762-46CB-BAEC-F22E1A239A71}
		{3EEBEFDF-7434-4A99-BC38-8D8800D96CC4} = {6ACFC89A-4762-46CB-BAEC-F22E1A239A71}
		{E3316993-9A7C-4143-A3E1-A92D80744B15} = {6ACFC89A-4762-46CB-BAEC-F22E1A239A71}
		{14DD80E1-19A2-4CC9-97FA-A0A44140DB0D} = {6ACFC89A-4762-46CB-BAEC-F22E1A239A71}
		{64F8E239-C173-425C-841C-AA5018900003} = {6ACFC89A-4762-46CB-BAEC-F22E1A239A71}
		{D5F5EB59-4A39-4353-82A1-861FDBD1154E} = {6ACFC89A-4762-46CB-BAEC-F22E1A239A71}
		{01B5DE49-57B9-445B-99FD-01311DEC028A} = {6ACFC89A-4762-46CB-BAEC-F22E1A239A71}
	EndGlobalSection
	GlobalSection(ExtensibilityGlobals) = postSolution
		SolutionGuid = {F56DB581-6B57-4D3A-8EB3-74EB41D3C55B}
	EndGlobalSection
EndGlobal
