
Microsoft Visual Studio Solution File, Format Version 12.00
# Visual Studio Version 16
VisualStudioVersion = 16.0.32228.343
MinimumVisualStudioVersion = 10.0.40219.1
Project("{9A19103F-16F7-4668-BE54-9A1E7A4F7556}") = "Estudando_CSharp", "Estudando_CSharp\Estudando_CSharp.csproj", "{73B39FF0-2C33-4DE3-9E86-2B1C2512A831}"
EndProject
Project("{9A19103F-16F7-4668-BE54-9A1E7A4F7556}") = "Funcoes_Matematicas", "Funcoes_Matematicas\Funcoes_Matematicas.csproj", "{326BEEC5-2F4D-4FB7-A984-B171D8BE0F00}"
EndProject
Project("{9A19103F-16F7-4668-BE54-9A1E7A4F7556}") = "Exercicio_EstruturaSequencial", "Exercicio_EstruturaSequencial\Exercicio_EstruturaSequencial.csproj", "{4AF6038A-93E5-40E9-AE6D-6D9EB1BEA322}"
EndProject
Project("{9A19103F-16F7-4668-BE54-9A1E7A4F7556}") = "Exercicio_Uri1001", "Exercicio_Uri1001\Exercicio_Uri1001.csproj", "{43FFCD7F-FD2F-4A06-A2B7-0785FE3D094D}"
EndProject
Project("{9A19103F-16F7-4668-BE54-9A1E7A4F7556}") = "Exercicio_MedidasRetangulo", "Exercicio_MedidasTriangulo\Exercicio_MedidasRetangulo.csproj", "{98E10B7C-0903-48F1-9C06-CD88D276DC10}"
EndProject
Project("{9A19103F-16F7-4668-BE54-9A1E7A4F7556}") = "Exercicio_NomeIdade", "Exercicio_NomeIdade\Exercicio_NomeIdade.csproj", "{3DE40FFC-74DC-4E56-AE9E-6235988D4E62}"
EndProject
Project("{9A19103F-16F7-4668-BE54-9A1E7A4F7556}") = "Exercicio_Uri1019", "Exercicio_Uri1019\Exercicio_Uri1019.csproj", "{DE7AC5DC-A9A2-41E5-B34C-458221F616D8}"
EndProject
Project("{9A19103F-16F7-4668-BE54-9A1E7A4F7556}") = "Expressoes_Comparativas", "Expressoes_Comparativas\Expressoes_Comparativas.csproj", "{2EAEE28B-FF30-42C2-AECC-855459DBB8AD}"
EndProject
Project("{9A19103F-16F7-4668-BE54-9A1E7A4F7556}") = "Expressoes_Logicas", "Expressoes_Logicas\Expressoes_Logicas.csproj", "{0287A872-095F-4060-93EC-164FB4F4081A}"
EndProject
Project("{9A19103F-16F7-4668-BE54-9A1E7A4F7556}") = "Estrutura_Condicional", "Estrutura_Condicional\Estrutura_Condicional.csproj", "{B0A0CA6E-3B13-47A4-A6A6-BB7C5C5BB1EE}"
EndProject
Project("{9A19103F-16F7-4668-BE54-9A1E7A4F7556}") = "Exercicio_NotaFinal", "Exercicio_NotaFinal\Exercicio_NotaFinal.csproj", "{353C4AC3-7530-4F63-A4A6-388EB6C7FEF7}"
EndProject
Project("{9A19103F-16F7-4668-BE54-9A1E7A4F7556}") = "Exercicio_FormulaBaskara", "Exercicio_FormulaBaskara\Exercicio_FormulaBaskara.csproj", "{03BA17AF-CD0E-464F-AAA8-AA5068C005E0}"
EndProject
Project("{9A19103F-16F7-4668-BE54-9A1E7A4F7556}") = "Exercicio_MenorNumero", "Exercicio_MenorNumero\Exercicio_MenorNumero.csproj", "{9D53F607-90AF-47F3-A536-4A9CC45B8FC3}"
EndProject
Project("{9A19103F-16F7-4668-BE54-9A1E7A4F7556}") = "OperadorDeAtribuicaoCumulativa", "OperadorDeAtribuicaoCumulativa\OperadorDeAtribuicaoCumulativa.csproj", "{FA04FFFA-25DA-4778-8F83-9B914366FC66}"
EndProject
Project("{9A19103F-16F7-4668-BE54-9A1E7A4F7556}") = "Estrutura_SwitchCase", "Estrutura_SwitchCase\Estrutura_SwitchCase.csproj", "{D33DE289-EBC2-4F79-B8B1-F8B2B2F92955}"
EndProject
Project("{9A19103F-16F7-4668-BE54-9A1E7A4F7556}") = "Estrutura_While", "Estrutura_While\Estrutura_While.csproj", "{90EDA6B6-7872-455C-A509-EF8704BFF7FE}"
EndProject
Project("{9A19103F-16F7-4668-BE54-9A1E7A4F7556}") = "Exercicio_Uri1113", "Exercicio_Uri1113\Exercicio_Uri1113.csproj", "{C43FB882-461A-4B55-A0DE-0AC7C2FE7310}"
EndProject
Project("{9A19103F-16F7-4668-BE54-9A1E7A4F7556}") = "Exercicio_WhileMediaIdade", "Exercicio_WhileMediaIdade\Exercicio_WhileMediaIdade.csproj", "{A290B442-2A98-4361-A605-ADCF7E6FDCE7}"
EndProject
Project("{9A19103F-16F7-4668-BE54-9A1E7A4F7556}") = "Estrutura_For", "Estrutura_For\Estrutura_For.csproj", "{68DE9840-87A0-4120-8CB5-E265AF38FAAD}"
EndProject
Project("{9A19103F-16F7-4668-BE54-9A1E7A4F7556}") = "Exercicio_Uri1078", "Exercicio_Uri1078\Exercicio_Uri1078.csproj", "{67210962-702A-4E0D-B64A-D8D33F318E73}"
EndProject
Project("{9A19103F-16F7-4668-BE54-9A1E7A4F7556}") = "Exercicio_Uri1071", "Exercicio_Uri1071\Exercicio_Uri1071.csproj", "{0C97DEDF-46E0-432D-9792-3DC51914BDDD}"
EndProject
Project("{9A19103F-16F7-4668-BE54-9A1E7A4F7556}") = "Estrutura_doWhile", "Estrutura_Foreach\Estrutura_doWhile.csproj", "{702B8B75-C51B-4FF1-93B5-373C77168642}"
EndProject
Project("{9A19103F-16F7-4668-BE54-9A1E7A4F7556}") = "Vetores", "Vetores\Vetores.csproj", "{746AFB00-99FC-4908-A702-3AD51E0B704D}"
EndProject
Project("{9A19103F-16F7-4668-BE54-9A1E7A4F7556}") = "Exercicio_VetoresAula57", "Exercicio_VetoresAula57\Exercicio_VetoresAula57.csproj", "{99ACA905-F92A-46AA-911D-E1E6C2613447}"
EndProject
Project("{9A19103F-16F7-4668-BE54-9A1E7A4F7556}") = "Exercicio_VetoresAula58", "Exercicio_VetoresAula58\Exercicio_VetoresAula58.csproj", "{3014596E-E6AE-4051-A0DA-151080A50E18}"
EndProject
Project("{9A19103F-16F7-4668-BE54-9A1E7A4F7556}") = "Exercicio_VetoresAula59", "Exercicio_VetoresAula59\Exercicio_VetoresAula59.csproj", "{ADF379E8-A1B8-4B70-A4DF-65E21B50FAB3}"
EndProject
Project("{9A19103F-16F7-4668-BE54-9A1E7A4F7556}") = "Estrtutura_Foreach", "Estrtutura_Foreach\Estrtutura_Foreach.csproj", "{0F300169-171F-42F8-AF9D-57F99BA5A1FB}"
EndProject
Project("{9A19103F-16F7-4668-BE54-9A1E7A4F7556}") = "Matrizes", "Matrizes\Matrizes.csproj", "{11E96214-F81D-43B9-9FDA-47A142F5C1C8}"
EndProject
Project("{9A19103F-16F7-4668-BE54-9A1E7A4F7556}") = "Exercicio_Vetores01", "Exercicio_Vetores01\Exercicio_Vetores01.csproj", "{E001D6FD-E85D-4FBF-84FE-1E509685011A}"
EndProject
Project("{9A19103F-16F7-4668-BE54-9A1E7A4F7556}") = "Exercicio_MatrizAula66", "Exercicio_MatrizAula66\Exercicio_MatrizAula66.csproj", "{0741007D-AFC8-455F-85AD-C41BD54B650F}"
EndProject
Project("{9A19103F-16F7-4668-BE54-9A1E7A4F7556}") = "Exercicio_MatrizAula67", "Exercicio_MatrizAula67\Exercicio_MatrizAula67.csproj", "{E126BBBD-D86A-433B-88A6-822DAEDBBE40}"
EndProject
Project("{2150E333-8FDC-42A3-9474-1A3956D46DE8}") = "Certificado_LogicaProgramacaoCSharp", "Certificado_LogicaProgramacaoCSharp", "{D4EC1C32-15B3-4A1F-ADED-9C597626F9EA}"
	ProjectSection(SolutionItems) = preProject
		..\UC-635d9780-3ec1-43e0-983f-139108f1d1bf.jpg = ..\UC-635d9780-3ec1-43e0-983f-139108f1d1bf.jpg
	EndProjectSection
EndProject
Project("{2150E333-8FDC-42A3-9474-1A3956D46DE8}") = "LogicaEAlgoritimos", "LogicaEAlgoritimos", "{64085CBF-2292-4973-88EB-FC32E66B9B2D}"
EndProject
Project("{2150E333-8FDC-42A3-9474-1A3956D46DE8}") = "POO", "POO", "{6ACFC89A-4762-46CB-BAEC-F22E1A239A71}"
EndProject
Project("{9A19103F-16F7-4668-BE54-9A1E7A4F7556}") = "Introducao", "Introducao\Introducao.csproj", "{477B89A8-66C6-4E36-BA79-966E4BDBFAA7}"
EndProject
Project("{9A19103F-16F7-4668-BE54-9A1E7A4F7556}") = "Comportamento_POO", "Comportamento_POO\Comportamento_POO.csproj", "{C587F681-E41E-4D6D-82D9-E60AD3A1C933}"
EndProject
Project("{9A19103F-16F7-4668-BE54-9A1E7A4F7556}") = "Comportamento_POOClasse", "Comportamento_POOClasse\Comportamento_POOClasse.csproj", "{AA633ED2-F3D4-4D5D-BE2F-C66CEED3B86C}"
EndProject
Project("{9A19103F-16F7-4668-BE54-9A1E7A4F7556}") = "PrimeirosExercicios_POO01", "PrimeirosExercicios_POO01\PrimeirosExercicios_POO01.csproj", "{EBE83729-A123-4BBA-A09E-D421250FE9D5}"
EndProject
Project("{9A19103F-16F7-4668-BE54-9A1E7A4F7556}") = "PrimeirosExercicios_POO02", "PrimeirosExercicios_POO02\PrimeirosExercicios_POO02.csproj", "{32B8070C-FBA1-4DF1-B941-7B86F6F9C9E5}"
EndProject
Project("{9A19103F-16F7-4668-BE54-9A1E7A4F7556}") = "Exercicio_POOAplicado01", "Exercicio_POOAplicado01\Exercicio_POOAplicado01.csproj", "{2AC13DA1-5357-47A1-A8C4-AFB5209D6E1C}"
EndProject
Project("{9A19103F-16F7-4668-BE54-9A1E7A4F7556}") = "ObjectEToString", "ObjectEToString\ObjectEToString.csproj", "{ABAF3BC5-E97E-43C0-BB19-BFCF86F81957}"
EndProject
Project("{9A19103F-16F7-4668-BE54-9A1E7A4F7556}") = "Exercicio_Vetores02", "Exercicio_Vetores02\Exercicio_Vetores02.csproj", "{0666FA76-CBBB-4E41-804B-06796D20604D}"
EndProject
Project("{9A19103F-16F7-4668-BE54-9A1E7A4F7556}") = "Exercicio_Classe01", "Exercicio_Classe01\Exercicio_Classe01.csproj", "{DEE8CDCF-69A1-4132-A538-039FE4309225}"
EndProject
Project("{9A19103F-16F7-4668-BE54-9A1E7A4F7556}") = "Exercicio_Classe02", "Exercicio_Classe02\Exercicio_Classe02.csproj", "{3EEBEFDF-7434-4A99-BC38-8D8800D96CC4}"
EndProject
Project("{9A19103F-16F7-4668-BE54-9A1E7A4F7556}") = "Exercicio_Classe03", "Exercicio_Classe03\Exercicio_Classe03.csproj", "{E3316993-9A7C-4143-A3E1-A92D80744B15}"
EndProject
Project("{9A19103F-16F7-4668-BE54-9A1E7A4F7556}") = "MembrosEstaticos", "MembrosEstaticos\MembrosEstaticos.csproj", "{14DD80E1-19A2-4CC9-97FA-A0A44140DB0D}"
EndProject
Project("{9A19103F-16F7-4668-BE54-9A1E7A4F7556}") = "Exercicio_MembrosEstaticos", "Exercicio_MembrosEstaticos\Exercicio_MembrosEstaticos.csproj", "{64F8E239-C173-425C-841C-AA5018900003}"
EndProject
Project("{9A19103F-16F7-4668-BE54-9A1E7A4F7556}") = "Construtores", "Construtores\Construtores.csproj", "{D5F5EB59-4A39-4353-82A1-861FDBD1154E}"
EndProject
Project("{9A19103F-16F7-4668-BE54-9A1E7A4F7556}") = "Sobrecarga", "Sobrecarga\Sobrecarga.csproj", "{01B5DE49-57B9-445B-99FD-01311DEC028A}"
EndProject
Project("{9A19103F-16F7-4668-BE54-9A1E7A4F7556}") = "PalavraThis", "PalavraThis\PalavraThis.csproj", "{850C2C07-28C1-4F93-95F1-152FA83ACD12}"
EndProject
Project("{9A19103F-16F7-4668-BE54-9A1E7A4F7556}") = "Encapsulamento", "Encapsulamento\Encapsulamento.csproj", "{2956D139-8D7F-41ED-83C3-B19F4CBA68F1}"
EndProject
Project("{9A19103F-16F7-4668-BE54-9A1E7A4F7556}") = "Exercicio_Encapsulamento", "Exercicio_Encapsulamento\Exercicio_Encapsulamento.csproj", "{9E2D4F87-5485-4BD4-B148-DFB9A759CCC6}"
EndProject
Project("{2150E333-8FDC-42A3-9474-1A3956D46DE8}") = "Estudo_Classes", "Estudo_Classes", "{C3D16B84-6DC7-4DDA-8A87-51A2C2603C2C}"
EndProject
Project("{2150E333-8FDC-42A3-9474-1A3956D46DE8}") = "001_Intro", "001_Intro", "{65839206-C162-4ED1-BBED-668A127F759A}"
EndProject
Project("{2150E333-8FDC-42A3-9474-1A3956D46DE8}") = "Memoria_ArraysListas", "Memoria_ArraysListas", "{78A3ECC5-B137-4C0F-98CC-CACB9429D564}"
EndProject
Project("{9A19103F-16F7-4668-BE54-9A1E7A4F7556}") = "Tipos_Referencia_Valor", "Tipos_Referencia_Valor\Tipos_Referencia_Valor.csproj", "{A88D40FD-0A14-402C-B3A5-5D22DC5E680C}"
EndProject
Project("{9A19103F-16F7-4668-BE54-9A1E7A4F7556}") = "GarbageCollector", "GarbageCollector\GarbageCollector.csproj", "{CBCCA08B-7167-4276-A6E1-DA33121E93A3}"
EndProject
Project("{9A19103F-16F7-4668-BE54-9A1E7A4F7556}") = "Nullable", "Nullable\Nullable.csproj", "{D436F967-98AB-48A8-B681-E423BC07234A}"
EndProject
Project("{9A19103F-16F7-4668-BE54-9A1E7A4F7556}") = "Vetores_POO", "Vetores_POO\Vetores_POO.csproj", "{AF5E5053-6F5C-40A4-9F7E-F02CE44A6EA1}"
EndProject
Project("{9A19103F-16F7-4668-BE54-9A1E7A4F7556}") = "Vetores_POO02", "Vetores_POO02\Vetores_POO02.csproj", "{81F190A8-D61E-4242-9259-551FA9797C26}"
EndProject
Project("{9A19103F-16F7-4668-BE54-9A1E7A4F7556}") = "Exercicio_Vetores_POO", "Exercicio_Vetores_POO\Exercicio_Vetores_POO.csproj", "{A40D78F0-FD6D-4EBA-9EE2-EA997BAAD39A}"
EndProject
Project("{9A19103F-16F7-4668-BE54-9A1E7A4F7556}") = "Listas_01", "Listas_01\Listas_01.csproj", "{A579AEBB-63E7-4358-A721-97ADF23C78FF}"
EndProject
Project("{9A19103F-16F7-4668-BE54-9A1E7A4F7556}") = "Modificadores_Params_Ref_Out", "Modificadores_Params_Ref_Out\Modificadores_Params_Ref_Out.csproj", "{63F04478-1B5C-42A3-BFDC-859473FF914B}"
EndProject
Project("{9A19103F-16F7-4668-BE54-9A1E7A4F7556}") = "Listas_02", "Listas_02\Listas_02.csproj", "{E51BD602-205B-42D0-A561-587FBF753068}"
EndProject
Project("{9A19103F-16F7-4668-BE54-9A1E7A4F7556}") = "Exercicio_List01", "Exercicio_List01\Exercicio_List01.csproj", "{F5EA7C65-0FE1-4B81-B077-B805B5B9B6EF}"
EndProject
Project("{9A19103F-16F7-4668-BE54-9A1E7A4F7556}") = "Matriz_POO", "Matriz_POO\Matriz_POO.csproj", "{88C1713A-33AD-4470-B884-C2A0027AD512}"
EndProject
Project("{9A19103F-16F7-4668-BE54-9A1E7A4F7556}") = "Exercicio_Matriz_POO", "Exercicio_Matriz_POO\Exercicio_Matriz_POO.csproj", "{B45D15AA-61C9-4972-B7F3-FD5F8618AB8C}"
EndProject
Project("{9A19103F-16F7-4668-BE54-9A1E7A4F7556}") = "Exercicio_Matriz_POOFixacao", "Exercicio_Matriz_POOFixacao\Exercicio_Matriz_POOFixacao.csproj", "{FE12CF9D-FB31-4AE6-B27B-A76A16AF9BC0}"
EndProject
Project("{2150E333-8FDC-42A3-9474-1A3956D46DE8}") = "Topcos_Especiais", "Topcos_Especiais", "{DE5CED81-6DE6-429F-81CB-77E0FCC07E47}"
EndProject
Project("{9A19103F-16F7-4668-BE54-9A1E7A4F7556}") = "InterferenciaDeTipos_Var", "InterferenciaDeTipos_Var\InterferenciaDeTipos_Var.csproj", "{8912A630-2BE5-4E7A-B27F-EB59E007DE06}"
EndProject
Project("{9A19103F-16F7-4668-BE54-9A1E7A4F7556}") = "FuncoesInteressantes_String", "FuncoesInteressantes_String\FuncoesInteressantes_String.csproj", "{CAC87FE3-59E2-4FDE-B3B6-2E2CB07A07D4}"
EndProject
Project("{9A19103F-16F7-4668-BE54-9A1E7A4F7556}") = "Date_Time", "Date_Time\Date_Time.csproj", "{384970E8-3B56-44E6-81F0-38EB4DC9F6D5}"
EndProject
Project("{9A19103F-16F7-4668-BE54-9A1E7A4F7556}") = "Time_Span", "Time_Span\Time_Span.csproj", "{0D6464C3-8B80-459A-B89B-366457B7A2E9}"
EndProject
Project("{9A19103F-16F7-4668-BE54-9A1E7A4F7556}") = "Propiedades_OperacoesDateTime", "Propiedades_OperacoesDateTime\Propiedades_OperacoesDateTime.csproj", "{1C622A13-C740-4DD1-8760-C200E8042562}"
EndProject
Project("{9A19103F-16F7-4668-BE54-9A1E7A4F7556}") = "Propiedade_OperacoesTimeSpan", "Propiedade_OperacoesTimeSpan\Propiedade_OperacoesTimeSpan.csproj", "{45E84D0E-6347-40BE-80FD-3BFBEA444719}"
EndProject
Project("{9A19103F-16F7-4668-BE54-9A1E7A4F7556}") = "DateTimeKind_padrãoISO8601", "DateTimeKind_padrãoISO8601\DateTimeKind_padrãoISO8601.csproj", "{3BD3DFB1-8291-4F84-B2FA-615A7C934083}"
EndProject
Project("{2150E333-8FDC-42A3-9474-1A3956D46DE8}") = "Enumeracoes_Composicao", "Enumeracoes_Composicao", "{AF6C6807-B37C-488F-8A5A-DF245B58418D}"
EndProject
Project("{9A19103F-16F7-4668-BE54-9A1E7A4F7556}") = "Enum_enumeracoes", "Enum_enumeracoes\Enum_enumeracoes.csproj", "{18BBDB79-C4CF-45EE-A55B-3FA470AC3182}"
EndProject
Project("{9A19103F-16F7-4668-BE54-9A1E7A4F7556}") = "Composicao", "Composicao\Composicao.csproj", "{8E33E8CF-A977-4E5A-B4DF-30564FF9AD1A}"
EndProject
Project("{9A19103F-16F7-4668-BE54-9A1E7A4F7556}") = "StringBuilders", "StringBuilders\StringBuilders.csproj", "{BC03D4D8-242A-444B-B388-EB1985BE9E50}"
EndProject
Project("{9A19103F-16F7-4668-BE54-9A1E7A4F7556}") = "Exercicio_FixacaoEnuns", "Exercicio_FixacaoEnuns\Exercicio_FixacaoEnuns.csproj", "{6D4ED02D-8B33-40EC-9649-3D31E2CF7A62}"
EndProject
Project("{2150E333-8FDC-42A3-9474-1A3956D46DE8}") = "Heranca_Polimorfismo", "Heranca_Polimorfismo", "{95FC4B36-C4B9-460C-88B2-E220106092A6}"
EndProject
Project("{9A19103F-16F7-4668-BE54-9A1E7A4F7556}") = "Heranca", "Heranca\Heranca.csproj", "{F6292849-979F-488F-B698-9AFF7CB8E45C}"
EndProject
Project("{9A19103F-16F7-4668-BE54-9A1E7A4F7556}") = "VirtualANDOverride", "VirtualANDOverride\VirtualANDOverride.csproj", "{A096381A-6F9D-459D-9113-BFC61D8989B8}"
EndProject
Project("{9A19103F-16F7-4668-BE54-9A1E7A4F7556}") = "Classes_MetodosSelados", "Classes_MetodosSelados\Classes_MetodosSelados.csproj", "{6DF7DA69-9AFA-4C2D-AB6F-FEDFE52CD961}"
EndProject
Project("{9A19103F-16F7-4668-BE54-9A1E7A4F7556}") = "IntroducaoPolimorfismo", "IntroducaoPolimorfismo\IntroducaoPolimorfismo.csproj", "{2CAC79EA-6E28-4036-A428-40CB58116CCA}"
EndProject
Project("{9A19103F-16F7-4668-BE54-9A1E7A4F7556}") = "Exercicio_Polimorfismo", "Exercicio_Polimorfismo\Exercicio_Polimorfismo.csproj", "{5725967B-4516-43C7-A610-F138135B2A87}"
EndProject
Project("{9A19103F-16F7-4668-BE54-9A1E7A4F7556}") = "Exercicio_FixacaoPolimorfismo", "Exercicio_FixacaoPolimorfismo\Exercicio_FixacaoPolimorfismo.csproj", "{2174D73B-685C-496B-AF33-694E09C21A73}"
EndProject
Project("{9A19103F-16F7-4668-BE54-9A1E7A4F7556}") = "ClassesAbstratas", "ClassesAbstratas\ClassesAbstratas.csproj", "{C125DA27-8298-4E2C-B81B-6EE1DEC3BED9}"
EndProject
Project("{9A19103F-16F7-4668-BE54-9A1E7A4F7556}") = "MetodosAbstratos", "MetodosAbstratos\MetodosAbstratos.csproj", "{4F35B167-34D8-421A-9807-652085971420}"
EndProject
Project("{9A19103F-16F7-4668-BE54-9A1E7A4F7556}") = "Exercicio_AbstractFixacao", "Exercicio_AbstractFixacao\Exercicio_AbstractFixacao.csproj", "{7D9842BE-8D38-4E02-A2B1-17C99E6EA3D7}"
EndProject
Project("{2150E333-8FDC-42A3-9474-1A3956D46DE8}") = "TratamentosExcecoes", "TratamentosExcecoes", "{E99D7A4E-D6D3-486D-8121-B9FFF1BBA1FA}"
EndProject
Project("{9A19103F-16F7-4668-BE54-9A1E7A4F7556}") = "Excecoes", "Excecoes\Excecoes.csproj", "{663A7D36-0D0C-4500-B0C4-7D1DC39518BB}"
EndProject
Project("{9A19103F-16F7-4668-BE54-9A1E7A4F7556}") = "ExcecoesPersonalizadas", "ExcecoesPersonalizadas\ExcecoesPersonalizadas.csproj", "{3D201B2E-3DA5-499A-9FDE-1D4148E8BDE5}"
EndProject
Project("{9A19103F-16F7-4668-BE54-9A1E7A4F7556}") = "Exercicio_ExcecaoFixaxao", "Exercicio_ExcecaoFixaxao\Exercicio_ExcecaoFixaxao.csproj", "{39B0AEFB-C128-40C8-952B-048C9D92F7E9}"
EndProject
Project("{9A19103F-16F7-4668-BE54-9A1E7A4F7556}") = "Exercicio_Vetores03", "Exercicio_Vetores03\Exercicio_Vetores03.csproj", "{545346C8-D27F-4A28-8654-6A12093A6A07}"
EndProject
Project("{2150E333-8FDC-42A3-9474-1A3956D46DE8}") = "Projeto_JogoXadrez", "Projeto_JogoXadrez", "{0E3E32CC-3E38-48F0-8E40-A56C963B2DE8}"
EndProject
Project("{9A19103F-16F7-4668-BE54-9A1E7A4F7556}") = "ProjetoJogo_Xadrez", "ProjetoJogo_Xadrez\ProjetoJogo_Xadrez.csproj", "{AF3A54EF-5FC2-48B8-BAA8-C4FC57524294}"
EndProject
Project("{9A19103F-16F7-4668-BE54-9A1E7A4F7556}") = "Exercicio_Uri1035", "Exercicio_Uri1035\Exercicio_Uri1035.csproj", "{4C4942C3-E4A2-4D75-A1FC-8B83B15FE03B}"
EndProject
Project("{2150E333-8FDC-42A3-9474-1A3956D46DE8}") = "TrabalhandoComArquivos", "TrabalhandoComArquivos", "{391DD153-E609-4773-8C74-DD80F3225FB6}"
EndProject
Project("{FAE04EC0-301F-11D3-BF4B-00C04F79EFBC}") = "FileInfoEIOExeption", "FileInfoEIOExeption\FileInfoEIOExeption.csproj", "{2D6201B9-20D6-4226-9956-8DF812ABA7DD}"
EndProject
Project("{FAE04EC0-301F-11D3-BF4B-00C04F79EFBC}") = "FileStremEStreamReader", "FileStremEStreamReader\FileStremEStreamReader.csproj", "{35E094DA-2A34-4B93-BDC5-06E5BFE39D7B}"
EndProject
Project("{FAE04EC0-301F-11D3-BF4B-00C04F79EFBC}") = "UsingBlock", "UsingBlock\UsingBlock.csproj", "{DE492957-7B73-4F5C-B949-EBE77D14A92A}"
EndProject
Project("{FAE04EC0-301F-11D3-BF4B-00C04F79EFBC}") = "StreamWriterE", "StreamWriter\StreamWriterE.csproj", "{0F08E5D5-89BA-428F-8330-0F241848641A}"
EndProject
Project("{FAE04EC0-301F-11D3-BF4B-00C04F79EFBC}") = "DerectoryEDirectoryInfo", "DerectoryEDirectoryInfo\DerectoryEDirectoryInfo.csproj", "{769F3ED0-FB4C-42B6-BE3B-A2B0FF967160}"
EndProject
Project("{FAE04EC0-301F-11D3-BF4B-00C04F79EFBC}") = "PathE", "PathE\PathE.csproj", "{2FEAB943-F26F-41B6-9F85-374141BE7EE1}"
EndProject
Project("{FAE04EC0-301F-11D3-BF4B-00C04F79EFBC}") = "Exercicio_Fixacao", "Exercicio_Fixacao\Exercicio_Fixacao.csproj", "{0C41A07C-F76C-48CC-A8A4-8B63CD2FBC75}"
EndProject
Global
	GlobalSection(SolutionConfigurationPlatforms) = preSolution
		Debug|Any CPU = Debug|Any CPU
		Release|Any CPU = Release|Any CPU
	EndGlobalSection
	GlobalSection(ProjectConfigurationPlatforms) = postSolution
		{73B39FF0-2C33-4DE3-9E86-2B1C2512A831}.Debug|Any CPU.ActiveCfg = Debug|Any CPU
		{73B39FF0-2C33-4DE3-9E86-2B1C2512A831}.Debug|Any CPU.Build.0 = Debug|Any CPU
		{73B39FF0-2C33-4DE3-9E86-2B1C2512A831}.Release|Any CPU.ActiveCfg = Release|Any CPU
		{73B39FF0-2C33-4DE3-9E86-2B1C2512A831}.Release|Any CPU.Build.0 = Release|Any CPU
		{326BEEC5-2F4D-4FB7-A984-B171D8BE0F00}.Debug|Any CPU.ActiveCfg = Debug|Any CPU
		{326BEEC5-2F4D-4FB7-A984-B171D8BE0F00}.Debug|Any CPU.Build.0 = Debug|Any CPU
		{326BEEC5-2F4D-4FB7-A984-B171D8BE0F00}.Release|Any CPU.ActiveCfg = Release|Any CPU
		{326BEEC5-2F4D-4FB7-A984-B171D8BE0F00}.Release|Any CPU.Build.0 = Release|Any CPU
		{4AF6038A-93E5-40E9-AE6D-6D9EB1BEA322}.Debug|Any CPU.ActiveCfg = Debug|Any CPU
		{4AF6038A-93E5-40E9-AE6D-6D9EB1BEA322}.Debug|Any CPU.Build.0 = Debug|Any CPU
		{4AF6038A-93E5-40E9-AE6D-6D9EB1BEA322}.Release|Any CPU.ActiveCfg = Release|Any CPU
		{4AF6038A-93E5-40E9-AE6D-6D9EB1BEA322}.Release|Any CPU.Build.0 = Release|Any CPU
		{43FFCD7F-FD2F-4A06-A2B7-0785FE3D094D}.Debug|Any CPU.ActiveCfg = Debug|Any CPU
		{43FFCD7F-FD2F-4A06-A2B7-0785FE3D094D}.Debug|Any CPU.Build.0 = Debug|Any CPU
		{43FFCD7F-FD2F-4A06-A2B7-0785FE3D094D}.Release|Any CPU.ActiveCfg = Release|Any CPU
		{43FFCD7F-FD2F-4A06-A2B7-0785FE3D094D}.Release|Any CPU.Build.0 = Release|Any CPU
		{98E10B7C-0903-48F1-9C06-CD88D276DC10}.Debug|Any CPU.ActiveCfg = Debug|Any CPU
		{98E10B7C-0903-48F1-9C06-CD88D276DC10}.Debug|Any CPU.Build.0 = Debug|Any CPU
		{98E10B7C-0903-48F1-9C06-CD88D276DC10}.Release|Any CPU.ActiveCfg = Release|Any CPU
		{98E10B7C-0903-48F1-9C06-CD88D276DC10}.Release|Any CPU.Build.0 = Release|Any CPU
		{3DE40FFC-74DC-4E56-AE9E-6235988D4E62}.Debug|Any CPU.ActiveCfg = Debug|Any CPU
		{3DE40FFC-74DC-4E56-AE9E-6235988D4E62}.Debug|Any CPU.Build.0 = Debug|Any CPU
		{3DE40FFC-74DC-4E56-AE9E-6235988D4E62}.Release|Any CPU.ActiveCfg = Release|Any CPU
		{3DE40FFC-74DC-4E56-AE9E-6235988D4E62}.Release|Any CPU.Build.0 = Release|Any CPU
		{DE7AC5DC-A9A2-41E5-B34C-458221F616D8}.Debug|Any CPU.ActiveCfg = Debug|Any CPU
		{DE7AC5DC-A9A2-41E5-B34C-458221F616D8}.Debug|Any CPU.Build.0 = Debug|Any CPU
		{DE7AC5DC-A9A2-41E5-B34C-458221F616D8}.Release|Any CPU.ActiveCfg = Release|Any CPU
		{DE7AC5DC-A9A2-41E5-B34C-458221F616D8}.Release|Any CPU.Build.0 = Release|Any CPU
		{2EAEE28B-FF30-42C2-AECC-855459DBB8AD}.Debug|Any CPU.ActiveCfg = Debug|Any CPU
		{2EAEE28B-FF30-42C2-AECC-855459DBB8AD}.Debug|Any CPU.Build.0 = Debug|Any CPU
		{2EAEE28B-FF30-42C2-AECC-855459DBB8AD}.Release|Any CPU.ActiveCfg = Release|Any CPU
		{2EAEE28B-FF30-42C2-AECC-855459DBB8AD}.Release|Any CPU.Build.0 = Release|Any CPU
		{0287A872-095F-4060-93EC-164FB4F4081A}.Debug|Any CPU.ActiveCfg = Debug|Any CPU
		{0287A872-095F-4060-93EC-164FB4F4081A}.Debug|Any CPU.Build.0 = Debug|Any CPU
		{0287A872-095F-4060-93EC-164FB4F4081A}.Release|Any CPU.ActiveCfg = Release|Any CPU
		{0287A872-095F-4060-93EC-164FB4F4081A}.Release|Any CPU.Build.0 = Release|Any CPU
		{B0A0CA6E-3B13-47A4-A6A6-BB7C5C5BB1EE}.Debug|Any CPU.ActiveCfg = Debug|Any CPU
		{B0A0CA6E-3B13-47A4-A6A6-BB7C5C5BB1EE}.Debug|Any CPU.Build.0 = Debug|Any CPU
		{B0A0CA6E-3B13-47A4-A6A6-BB7C5C5BB1EE}.Release|Any CPU.ActiveCfg = Release|Any CPU
		{B0A0CA6E-3B13-47A4-A6A6-BB7C5C5BB1EE}.Release|Any CPU.Build.0 = Release|Any CPU
		{353C4AC3-7530-4F63-A4A6-388EB6C7FEF7}.Debug|Any CPU.ActiveCfg = Debug|Any CPU
		{353C4AC3-7530-4F63-A4A6-388EB6C7FEF7}.Debug|Any CPU.Build.0 = Debug|Any CPU
		{353C4AC3-7530-4F63-A4A6-388EB6C7FEF7}.Release|Any CPU.ActiveCfg = Release|Any CPU
		{353C4AC3-7530-4F63-A4A6-388EB6C7FEF7}.Release|Any CPU.Build.0 = Release|Any CPU
		{03BA17AF-CD0E-464F-AAA8-AA5068C005E0}.Debug|Any CPU.ActiveCfg = Debug|Any CPU
		{03BA17AF-CD0E-464F-AAA8-AA5068C005E0}.Debug|Any CPU.Build.0 = Debug|Any CPU
		{03BA17AF-CD0E-464F-AAA8-AA5068C005E0}.Release|Any CPU.ActiveCfg = Release|Any CPU
		{03BA17AF-CD0E-464F-AAA8-AA5068C005E0}.Release|Any CPU.Build.0 = Release|Any CPU
		{9D53F607-90AF-47F3-A536-4A9CC45B8FC3}.Debug|Any CPU.ActiveCfg = Debug|Any CPU
		{9D53F607-90AF-47F3-A536-4A9CC45B8FC3}.Debug|Any CPU.Build.0 = Debug|Any CPU
		{9D53F607-90AF-47F3-A536-4A9CC45B8FC3}.Release|Any CPU.ActiveCfg = Release|Any CPU
		{9D53F607-90AF-47F3-A536-4A9CC45B8FC3}.Release|Any CPU.Build.0 = Release|Any CPU
		{FA04FFFA-25DA-4778-8F83-9B914366FC66}.Debug|Any CPU.ActiveCfg = Debug|Any CPU
		{FA04FFFA-25DA-4778-8F83-9B914366FC66}.Debug|Any CPU.Build.0 = Debug|Any CPU
		{FA04FFFA-25DA-4778-8F83-9B914366FC66}.Release|Any CPU.ActiveCfg = Release|Any CPU
		{FA04FFFA-25DA-4778-8F83-9B914366FC66}.Release|Any CPU.Build.0 = Release|Any CPU
		{D33DE289-EBC2-4F79-B8B1-F8B2B2F92955}.Debug|Any CPU.ActiveCfg = Debug|Any CPU
		{D33DE289-EBC2-4F79-B8B1-F8B2B2F92955}.Debug|Any CPU.Build.0 = Debug|Any CPU
		{D33DE289-EBC2-4F79-B8B1-F8B2B2F92955}.Release|Any CPU.ActiveCfg = Release|Any CPU
		{D33DE289-EBC2-4F79-B8B1-F8B2B2F92955}.Release|Any CPU.Build.0 = Release|Any CPU
		{90EDA6B6-7872-455C-A509-EF8704BFF7FE}.Debug|Any CPU.ActiveCfg = Debug|Any CPU
		{90EDA6B6-7872-455C-A509-EF8704BFF7FE}.Debug|Any CPU.Build.0 = Debug|Any CPU
		{90EDA6B6-7872-455C-A509-EF8704BFF7FE}.Release|Any CPU.ActiveCfg = Release|Any CPU
		{90EDA6B6-7872-455C-A509-EF8704BFF7FE}.Release|Any CPU.Build.0 = Release|Any CPU
		{C43FB882-461A-4B55-A0DE-0AC7C2FE7310}.Debug|Any CPU.ActiveCfg = Debug|Any CPU
		{C43FB882-461A-4B55-A0DE-0AC7C2FE7310}.Debug|Any CPU.Build.0 = Debug|Any CPU
		{C43FB882-461A-4B55-A0DE-0AC7C2FE7310}.Release|Any CPU.ActiveCfg = Release|Any CPU
		{C43FB882-461A-4B55-A0DE-0AC7C2FE7310}.Release|Any CPU.Build.0 = Release|Any CPU
		{A290B442-2A98-4361-A605-ADCF7E6FDCE7}.Debug|Any CPU.ActiveCfg = Debug|Any CPU
		{A290B442-2A98-4361-A605-ADCF7E6FDCE7}.Debug|Any CPU.Build.0 = Debug|Any CPU
		{A290B442-2A98-4361-A605-ADCF7E6FDCE7}.Release|Any CPU.ActiveCfg = Release|Any CPU
		{A290B442-2A98-4361-A605-ADCF7E6FDCE7}.Release|Any CPU.Build.0 = Release|Any CPU
		{68DE9840-87A0-4120-8CB5-E265AF38FAAD}.Debug|Any CPU.ActiveCfg = Debug|Any CPU
		{68DE9840-87A0-4120-8CB5-E265AF38FAAD}.Debug|Any CPU.Build.0 = Debug|Any CPU
		{68DE9840-87A0-4120-8CB5-E265AF38FAAD}.Release|Any CPU.ActiveCfg = Release|Any CPU
		{68DE9840-87A0-4120-8CB5-E265AF38FAAD}.Release|Any CPU.Build.0 = Release|Any CPU
		{67210962-702A-4E0D-B64A-D8D33F318E73}.Debug|Any CPU.ActiveCfg = Debug|Any CPU
		{67210962-702A-4E0D-B64A-D8D33F318E73}.Debug|Any CPU.Build.0 = Debug|Any CPU
		{67210962-702A-4E0D-B64A-D8D33F318E73}.Release|Any CPU.ActiveCfg = Release|Any CPU
		{67210962-702A-4E0D-B64A-D8D33F318E73}.Release|Any CPU.Build.0 = Release|Any CPU
		{0C97DEDF-46E0-432D-9792-3DC51914BDDD}.Debug|Any CPU.ActiveCfg = Debug|Any CPU
		{0C97DEDF-46E0-432D-9792-3DC51914BDDD}.Debug|Any CPU.Build.0 = Debug|Any CPU
		{0C97DEDF-46E0-432D-9792-3DC51914BDDD}.Release|Any CPU.ActiveCfg = Release|Any CPU
		{0C97DEDF-46E0-432D-9792-3DC51914BDDD}.Release|Any CPU.Build.0 = Release|Any CPU
		{702B8B75-C51B-4FF1-93B5-373C77168642}.Debug|Any CPU.ActiveCfg = Debug|Any CPU
		{702B8B75-C51B-4FF1-93B5-373C77168642}.Debug|Any CPU.Build.0 = Debug|Any CPU
		{702B8B75-C51B-4FF1-93B5-373C77168642}.Release|Any CPU.ActiveCfg = Release|Any CPU
		{702B8B75-C51B-4FF1-93B5-373C77168642}.Release|Any CPU.Build.0 = Release|Any CPU
		{746AFB00-99FC-4908-A702-3AD51E0B704D}.Debug|Any CPU.ActiveCfg = Debug|Any CPU
		{746AFB00-99FC-4908-A702-3AD51E0B704D}.Debug|Any CPU.Build.0 = Debug|Any CPU
		{746AFB00-99FC-4908-A702-3AD51E0B704D}.Release|Any CPU.ActiveCfg = Release|Any CPU
		{746AFB00-99FC-4908-A702-3AD51E0B704D}.Release|Any CPU.Build.0 = Release|Any CPU
		{99ACA905-F92A-46AA-911D-E1E6C2613447}.Debug|Any CPU.ActiveCfg = Debug|Any CPU
		{99ACA905-F92A-46AA-911D-E1E6C2613447}.Debug|Any CPU.Build.0 = Debug|Any CPU
		{99ACA905-F92A-46AA-911D-E1E6C2613447}.Release|Any CPU.ActiveCfg = Release|Any CPU
		{99ACA905-F92A-46AA-911D-E1E6C2613447}.Release|Any CPU.Build.0 = Release|Any CPU
		{3014596E-E6AE-4051-A0DA-151080A50E18}.Debug|Any CPU.ActiveCfg = Debug|Any CPU
		{3014596E-E6AE-4051-A0DA-151080A50E18}.Debug|Any CPU.Build.0 = Debug|Any CPU
		{3014596E-E6AE-4051-A0DA-151080A50E18}.Release|Any CPU.ActiveCfg = Release|Any CPU
		{3014596E-E6AE-4051-A0DA-151080A50E18}.Release|Any CPU.Build.0 = Release|Any CPU
		{ADF379E8-A1B8-4B70-A4DF-65E21B50FAB3}.Debug|Any CPU.ActiveCfg = Debug|Any CPU
		{ADF379E8-A1B8-4B70-A4DF-65E21B50FAB3}.Debug|Any CPU.Build.0 = Debug|Any CPU
		{ADF379E8-A1B8-4B70-A4DF-65E21B50FAB3}.Release|Any CPU.ActiveCfg = Release|Any CPU
		{ADF379E8-A1B8-4B70-A4DF-65E21B50FAB3}.Release|Any CPU.Build.0 = Release|Any CPU
		{0F300169-171F-42F8-AF9D-57F99BA5A1FB}.Debug|Any CPU.ActiveCfg = Debug|Any CPU
		{0F300169-171F-42F8-AF9D-57F99BA5A1FB}.Debug|Any CPU.Build.0 = Debug|Any CPU
		{0F300169-171F-42F8-AF9D-57F99BA5A1FB}.Release|Any CPU.ActiveCfg = Release|Any CPU
		{0F300169-171F-42F8-AF9D-57F99BA5A1FB}.Release|Any CPU.Build.0 = Release|Any CPU
		{11E96214-F81D-43B9-9FDA-47A142F5C1C8}.Debug|Any CPU.ActiveCfg = Debug|Any CPU
		{11E96214-F81D-43B9-9FDA-47A142F5C1C8}.Debug|Any CPU.Build.0 = Debug|Any CPU
		{11E96214-F81D-43B9-9FDA-47A142F5C1C8}.Release|Any CPU.ActiveCfg = Release|Any CPU
		{11E96214-F81D-43B9-9FDA-47A142F5C1C8}.Release|Any CPU.Build.0 = Release|Any CPU
		{E001D6FD-E85D-4FBF-84FE-1E509685011A}.Debug|Any CPU.ActiveCfg = Debug|Any CPU
		{E001D6FD-E85D-4FBF-84FE-1E509685011A}.Debug|Any CPU.Build.0 = Debug|Any CPU
		{E001D6FD-E85D-4FBF-84FE-1E509685011A}.Release|Any CPU.ActiveCfg = Release|Any CPU
		{E001D6FD-E85D-4FBF-84FE-1E509685011A}.Release|Any CPU.Build.0 = Release|Any CPU
		{0741007D-AFC8-455F-85AD-C41BD54B650F}.Debug|Any CPU.ActiveCfg = Debug|Any CPU
		{0741007D-AFC8-455F-85AD-C41BD54B650F}.Debug|Any CPU.Build.0 = Debug|Any CPU
		{0741007D-AFC8-455F-85AD-C41BD54B650F}.Release|Any CPU.ActiveCfg = Release|Any CPU
		{0741007D-AFC8-455F-85AD-C41BD54B650F}.Release|Any CPU.Build.0 = Release|Any CPU
		{E126BBBD-D86A-433B-88A6-822DAEDBBE40}.Debug|Any CPU.ActiveCfg = Debug|Any CPU
		{E126BBBD-D86A-433B-88A6-822DAEDBBE40}.Debug|Any CPU.Build.0 = Debug|Any CPU
		{E126BBBD-D86A-433B-88A6-822DAEDBBE40}.Release|Any CPU.ActiveCfg = Release|Any CPU
		{E126BBBD-D86A-433B-88A6-822DAEDBBE40}.Release|Any CPU.Build.0 = Release|Any CPU
		{477B89A8-66C6-4E36-BA79-966E4BDBFAA7}.Debug|Any CPU.ActiveCfg = Debug|Any CPU
		{477B89A8-66C6-4E36-BA79-966E4BDBFAA7}.Debug|Any CPU.Build.0 = Debug|Any CPU
		{477B89A8-66C6-4E36-BA79-966E4BDBFAA7}.Release|Any CPU.ActiveCfg = Release|Any CPU
		{477B89A8-66C6-4E36-BA79-966E4BDBFAA7}.Release|Any CPU.Build.0 = Release|Any CPU
		{C587F681-E41E-4D6D-82D9-E60AD3A1C933}.Debug|Any CPU.ActiveCfg = Debug|Any CPU
		{C587F681-E41E-4D6D-82D9-E60AD3A1C933}.Debug|Any CPU.Build.0 = Debug|Any CPU
		{C587F681-E41E-4D6D-82D9-E60AD3A1C933}.Release|Any CPU.ActiveCfg = Release|Any CPU
		{C587F681-E41E-4D6D-82D9-E60AD3A1C933}.Release|Any CPU.Build.0 = Release|Any CPU
		{AA633ED2-F3D4-4D5D-BE2F-C66CEED3B86C}.Debug|Any CPU.ActiveCfg = Debug|Any CPU
		{AA633ED2-F3D4-4D5D-BE2F-C66CEED3B86C}.Debug|Any CPU.Build.0 = Debug|Any CPU
		{AA633ED2-F3D4-4D5D-BE2F-C66CEED3B86C}.Release|Any CPU.ActiveCfg = Release|Any CPU
		{AA633ED2-F3D4-4D5D-BE2F-C66CEED3B86C}.Release|Any CPU.Build.0 = Release|Any CPU
		{EBE83729-A123-4BBA-A09E-D421250FE9D5}.Debug|Any CPU.ActiveCfg = Debug|Any CPU
		{EBE83729-A123-4BBA-A09E-D421250FE9D5}.Debug|Any CPU.Build.0 = Debug|Any CPU
		{EBE83729-A123-4BBA-A09E-D421250FE9D5}.Release|Any CPU.ActiveCfg = Release|Any CPU
		{EBE83729-A123-4BBA-A09E-D421250FE9D5}.Release|Any CPU.Build.0 = Release|Any CPU
		{32B8070C-FBA1-4DF1-B941-7B86F6F9C9E5}.Debug|Any CPU.ActiveCfg = Debug|Any CPU
		{32B8070C-FBA1-4DF1-B941-7B86F6F9C9E5}.Debug|Any CPU.Build.0 = Debug|Any CPU
		{32B8070C-FBA1-4DF1-B941-7B86F6F9C9E5}.Release|Any CPU.ActiveCfg = Release|Any CPU
		{32B8070C-FBA1-4DF1-B941-7B86F6F9C9E5}.Release|Any CPU.Build.0 = Release|Any CPU
		{2AC13DA1-5357-47A1-A8C4-AFB5209D6E1C}.Debug|Any CPU.ActiveCfg = Debug|Any CPU
		{2AC13DA1-5357-47A1-A8C4-AFB5209D6E1C}.Debug|Any CPU.Build.0 = Debug|Any CPU
		{2AC13DA1-5357-47A1-A8C4-AFB5209D6E1C}.Release|Any CPU.ActiveCfg = Release|Any CPU
		{2AC13DA1-5357-47A1-A8C4-AFB5209D6E1C}.Release|Any CPU.Build.0 = Release|Any CPU
		{ABAF3BC5-E97E-43C0-BB19-BFCF86F81957}.Debug|Any CPU.ActiveCfg = Debug|Any CPU
		{ABAF3BC5-E97E-43C0-BB19-BFCF86F81957}.Debug|Any CPU.Build.0 = Debug|Any CPU
		{ABAF3BC5-E97E-43C0-BB19-BFCF86F81957}.Release|Any CPU.ActiveCfg = Release|Any CPU
		{ABAF3BC5-E97E-43C0-BB19-BFCF86F81957}.Release|Any CPU.Build.0 = Release|Any CPU
		{0666FA76-CBBB-4E41-804B-06796D20604D}.Debug|Any CPU.ActiveCfg = Debug|Any CPU
		{0666FA76-CBBB-4E41-804B-06796D20604D}.Debug|Any CPU.Build.0 = Debug|Any CPU
		{0666FA76-CBBB-4E41-804B-06796D20604D}.Release|Any CPU.ActiveCfg = Release|Any CPU
		{0666FA76-CBBB-4E41-804B-06796D20604D}.Release|Any CPU.Build.0 = Release|Any CPU
		{DEE8CDCF-69A1-4132-A538-039FE4309225}.Debug|Any CPU.ActiveCfg = Debug|Any CPU
		{DEE8CDCF-69A1-4132-A538-039FE4309225}.Debug|Any CPU.Build.0 = Debug|Any CPU
		{DEE8CDCF-69A1-4132-A538-039FE4309225}.Release|Any CPU.ActiveCfg = Release|Any CPU
		{DEE8CDCF-69A1-4132-A538-039FE4309225}.Release|Any CPU.Build.0 = Release|Any CPU
		{3EEBEFDF-7434-4A99-BC38-8D8800D96CC4}.Debug|Any CPU.ActiveCfg = Debug|Any CPU
		{3EEBEFDF-7434-4A99-BC38-8D8800D96CC4}.Debug|Any CPU.Build.0 = Debug|Any CPU
		{3EEBEFDF-7434-4A99-BC38-8D8800D96CC4}.Release|Any CPU.ActiveCfg = Release|Any CPU
		{3EEBEFDF-7434-4A99-BC38-8D8800D96CC4}.Release|Any CPU.Build.0 = Release|Any CPU
		{E3316993-9A7C-4143-A3E1-A92D80744B15}.Debug|Any CPU.ActiveCfg = Debug|Any CPU
		{E3316993-9A7C-4143-A3E1-A92D80744B15}.Debug|Any CPU.Build.0 = Debug|Any CPU
		{E3316993-9A7C-4143-A3E1-A92D80744B15}.Release|Any CPU.ActiveCfg = Release|Any CPU
		{E3316993-9A7C-4143-A3E1-A92D80744B15}.Release|Any CPU.Build.0 = Release|Any CPU
		{14DD80E1-19A2-4CC9-97FA-A0A44140DB0D}.Debug|Any CPU.ActiveCfg = Debug|Any CPU
		{14DD80E1-19A2-4CC9-97FA-A0A44140DB0D}.Debug|Any CPU.Build.0 = Debug|Any CPU
		{14DD80E1-19A2-4CC9-97FA-A0A44140DB0D}.Release|Any CPU.ActiveCfg = Release|Any CPU
		{14DD80E1-19A2-4CC9-97FA-A0A44140DB0D}.Release|Any CPU.Build.0 = Release|Any CPU
		{64F8E239-C173-425C-841C-AA5018900003}.Debug|Any CPU.ActiveCfg = Debug|Any CPU
		{64F8E239-C173-425C-841C-AA5018900003}.Debug|Any CPU.Build.0 = Debug|Any CPU
		{64F8E239-C173-425C-841C-AA5018900003}.Release|Any CPU.ActiveCfg = Release|Any CPU
		{64F8E239-C173-425C-841C-AA5018900003}.Release|Any CPU.Build.0 = Release|Any CPU
		{D5F5EB59-4A39-4353-82A1-861FDBD1154E}.Debug|Any CPU.ActiveCfg = Debug|Any CPU
		{D5F5EB59-4A39-4353-82A1-861FDBD1154E}.Debug|Any CPU.Build.0 = Debug|Any CPU
		{D5F5EB59-4A39-4353-82A1-861FDBD1154E}.Release|Any CPU.ActiveCfg = Release|Any CPU
		{D5F5EB59-4A39-4353-82A1-861FDBD1154E}.Release|Any CPU.Build.0 = Release|Any CPU
		{01B5DE49-57B9-445B-99FD-01311DEC028A}.Debug|Any CPU.ActiveCfg = Debug|Any CPU
		{01B5DE49-57B9-445B-99FD-01311DEC028A}.Debug|Any CPU.Build.0 = Debug|Any CPU
		{01B5DE49-57B9-445B-99FD-01311DEC028A}.Release|Any CPU.ActiveCfg = Release|Any CPU
		{01B5DE49-57B9-445B-99FD-01311DEC028A}.Release|Any CPU.Build.0 = Release|Any CPU
		{850C2C07-28C1-4F93-95F1-152FA83ACD12}.Debug|Any CPU.ActiveCfg = Debug|Any CPU
		{850C2C07-28C1-4F93-95F1-152FA83ACD12}.Debug|Any CPU.Build.0 = Debug|Any CPU
		{850C2C07-28C1-4F93-95F1-152FA83ACD12}.Release|Any CPU.ActiveCfg = Release|Any CPU
		{850C2C07-28C1-4F93-95F1-152FA83ACD12}.Release|Any CPU.Build.0 = Release|Any CPU
		{2956D139-8D7F-41ED-83C3-B19F4CBA68F1}.Debug|Any CPU.ActiveCfg = Debug|Any CPU
		{2956D139-8D7F-41ED-83C3-B19F4CBA68F1}.Debug|Any CPU.Build.0 = Debug|Any CPU
		{2956D139-8D7F-41ED-83C3-B19F4CBA68F1}.Release|Any CPU.ActiveCfg = Release|Any CPU
		{2956D139-8D7F-41ED-83C3-B19F4CBA68F1}.Release|Any CPU.Build.0 = Release|Any CPU
		{9E2D4F87-5485-4BD4-B148-DFB9A759CCC6}.Debug|Any CPU.ActiveCfg = Debug|Any CPU
		{9E2D4F87-5485-4BD4-B148-DFB9A759CCC6}.Debug|Any CPU.Build.0 = Debug|Any CPU
		{9E2D4F87-5485-4BD4-B148-DFB9A759CCC6}.Release|Any CPU.ActiveCfg = Release|Any CPU
		{9E2D4F87-5485-4BD4-B148-DFB9A759CCC6}.Release|Any CPU.Build.0 = Release|Any CPU
		{A88D40FD-0A14-402C-B3A5-5D22DC5E680C}.Debug|Any CPU.ActiveCfg = Debug|Any CPU
		{A88D40FD-0A14-402C-B3A5-5D22DC5E680C}.Debug|Any CPU.Build.0 = Debug|Any CPU
		{A88D40FD-0A14-402C-B3A5-5D22DC5E680C}.Release|Any CPU.ActiveCfg = Release|Any CPU
		{A88D40FD-0A14-402C-B3A5-5D22DC5E680C}.Release|Any CPU.Build.0 = Release|Any CPU
		{CBCCA08B-7167-4276-A6E1-DA33121E93A3}.Debug|Any CPU.ActiveCfg = Debug|Any CPU
		{CBCCA08B-7167-4276-A6E1-DA33121E93A3}.Debug|Any CPU.Build.0 = Debug|Any CPU
		{CBCCA08B-7167-4276-A6E1-DA33121E93A3}.Release|Any CPU.ActiveCfg = Release|Any CPU
		{CBCCA08B-7167-4276-A6E1-DA33121E93A3}.Release|Any CPU.Build.0 = Release|Any CPU
		{D436F967-98AB-48A8-B681-E423BC07234A}.Debug|Any CPU.ActiveCfg = Debug|Any CPU
		{D436F967-98AB-48A8-B681-E423BC07234A}.Debug|Any CPU.Build.0 = Debug|Any CPU
		{D436F967-98AB-48A8-B681-E423BC07234A}.Release|Any CPU.ActiveCfg = Release|Any CPU
		{D436F967-98AB-48A8-B681-E423BC07234A}.Release|Any CPU.Build.0 = Release|Any CPU
		{AF5E5053-6F5C-40A4-9F7E-F02CE44A6EA1}.Debug|Any CPU.ActiveCfg = Debug|Any CPU
		{AF5E5053-6F5C-40A4-9F7E-F02CE44A6EA1}.Debug|Any CPU.Build.0 = Debug|Any CPU
		{AF5E5053-6F5C-40A4-9F7E-F02CE44A6EA1}.Release|Any CPU.ActiveCfg = Release|Any CPU
		{AF5E5053-6F5C-40A4-9F7E-F02CE44A6EA1}.Release|Any CPU.Build.0 = Release|Any CPU
		{81F190A8-D61E-4242-9259-551FA9797C26}.Debug|Any CPU.ActiveCfg = Debug|Any CPU
		{81F190A8-D61E-4242-9259-551FA9797C26}.Debug|Any CPU.Build.0 = Debug|Any CPU
		{81F190A8-D61E-4242-9259-551FA9797C26}.Release|Any CPU.ActiveCfg = Release|Any CPU
		{81F190A8-D61E-4242-9259-551FA9797C26}.Release|Any CPU.Build.0 = Release|Any CPU
		{A40D78F0-FD6D-4EBA-9EE2-EA997BAAD39A}.Debug|Any CPU.ActiveCfg = Debug|Any CPU
		{A40D78F0-FD6D-4EBA-9EE2-EA997BAAD39A}.Debug|Any CPU.Build.0 = Debug|Any CPU
		{A40D78F0-FD6D-4EBA-9EE2-EA997BAAD39A}.Release|Any CPU.ActiveCfg = Release|Any CPU
		{A40D78F0-FD6D-4EBA-9EE2-EA997BAAD39A}.Release|Any CPU.Build.0 = Release|Any CPU
		{A579AEBB-63E7-4358-A721-97ADF23C78FF}.Debug|Any CPU.ActiveCfg = Debug|Any CPU
		{A579AEBB-63E7-4358-A721-97ADF23C78FF}.Debug|Any CPU.Build.0 = Debug|Any CPU
		{A579AEBB-63E7-4358-A721-97ADF23C78FF}.Release|Any CPU.ActiveCfg = Release|Any CPU
		{A579AEBB-63E7-4358-A721-97ADF23C78FF}.Release|Any CPU.Build.0 = Release|Any CPU
		{63F04478-1B5C-42A3-BFDC-859473FF914B}.Debug|Any CPU.ActiveCfg = Debug|Any CPU
		{63F04478-1B5C-42A3-BFDC-859473FF914B}.Debug|Any CPU.Build.0 = Debug|Any CPU
		{63F04478-1B5C-42A3-BFDC-859473FF914B}.Release|Any CPU.ActiveCfg = Release|Any CPU
		{63F04478-1B5C-42A3-BFDC-859473FF914B}.Release|Any CPU.Build.0 = Release|Any CPU
		{E51BD602-205B-42D0-A561-587FBF753068}.Debug|Any CPU.ActiveCfg = Debug|Any CPU
		{E51BD602-205B-42D0-A561-587FBF753068}.Debug|Any CPU.Build.0 = Debug|Any CPU
		{E51BD602-205B-42D0-A561-587FBF753068}.Release|Any CPU.ActiveCfg = Release|Any CPU
		{E51BD602-205B-42D0-A561-587FBF753068}.Release|Any CPU.Build.0 = Release|Any CPU
		{F5EA7C65-0FE1-4B81-B077-B805B5B9B6EF}.Debug|Any CPU.ActiveCfg = Debug|Any CPU
		{F5EA7C65-0FE1-4B81-B077-B805B5B9B6EF}.Debug|Any CPU.Build.0 = Debug|Any CPU
		{F5EA7C65-0FE1-4B81-B077-B805B5B9B6EF}.Release|Any CPU.ActiveCfg = Release|Any CPU
		{F5EA7C65-0FE1-4B81-B077-B805B5B9B6EF}.Release|Any CPU.Build.0 = Release|Any CPU
		{88C1713A-33AD-4470-B884-C2A0027AD512}.Debug|Any CPU.ActiveCfg = Debug|Any CPU
		{88C1713A-33AD-4470-B884-C2A0027AD512}.Debug|Any CPU.Build.0 = Debug|Any CPU
		{88C1713A-33AD-4470-B884-C2A0027AD512}.Release|Any CPU.ActiveCfg = Release|Any CPU
		{88C1713A-33AD-4470-B884-C2A0027AD512}.Release|Any CPU.Build.0 = Release|Any CPU
		{B45D15AA-61C9-4972-B7F3-FD5F8618AB8C}.Debug|Any CPU.ActiveCfg = Debug|Any CPU
		{B45D15AA-61C9-4972-B7F3-FD5F8618AB8C}.Debug|Any CPU.Build.0 = Debug|Any CPU
		{B45D15AA-61C9-4972-B7F3-FD5F8618AB8C}.Release|Any CPU.ActiveCfg = Release|Any CPU
		{B45D15AA-61C9-4972-B7F3-FD5F8618AB8C}.Release|Any CPU.Build.0 = Release|Any CPU
		{FE12CF9D-FB31-4AE6-B27B-A76A16AF9BC0}.Debug|Any CPU.ActiveCfg = Debug|Any CPU
		{FE12CF9D-FB31-4AE6-B27B-A76A16AF9BC0}.Debug|Any CPU.Build.0 = Debug|Any CPU
		{FE12CF9D-FB31-4AE6-B27B-A76A16AF9BC0}.Release|Any CPU.ActiveCfg = Release|Any CPU
		{FE12CF9D-FB31-4AE6-B27B-A76A16AF9BC0}.Release|Any CPU.Build.0 = Release|Any CPU
		{8912A630-2BE5-4E7A-B27F-EB59E007DE06}.Debug|Any CPU.ActiveCfg = Debug|Any CPU
		{8912A630-2BE5-4E7A-B27F-EB59E007DE06}.Debug|Any CPU.Build.0 = Debug|Any CPU
		{8912A630-2BE5-4E7A-B27F-EB59E007DE06}.Release|Any CPU.ActiveCfg = Release|Any CPU
		{8912A630-2BE5-4E7A-B27F-EB59E007DE06}.Release|Any CPU.Build.0 = Release|Any CPU
		{CAC87FE3-59E2-4FDE-B3B6-2E2CB07A07D4}.Debug|Any CPU.ActiveCfg = Debug|Any CPU
		{CAC87FE3-59E2-4FDE-B3B6-2E2CB07A07D4}.Debug|Any CPU.Build.0 = Debug|Any CPU
		{CAC87FE3-59E2-4FDE-B3B6-2E2CB07A07D4}.Release|Any CPU.ActiveCfg = Release|Any CPU
		{CAC87FE3-59E2-4FDE-B3B6-2E2CB07A07D4}.Release|Any CPU.Build.0 = Release|Any CPU
		{384970E8-3B56-44E6-81F0-38EB4DC9F6D5}.Debug|Any CPU.ActiveCfg = Debug|Any CPU
		{384970E8-3B56-44E6-81F0-38EB4DC9F6D5}.Debug|Any CPU.Build.0 = Debug|Any CPU
		{384970E8-3B56-44E6-81F0-38EB4DC9F6D5}.Release|Any CPU.ActiveCfg = Release|Any CPU
		{384970E8-3B56-44E6-81F0-38EB4DC9F6D5}.Release|Any CPU.Build.0 = Release|Any CPU
		{0D6464C3-8B80-459A-B89B-366457B7A2E9}.Debug|Any CPU.ActiveCfg = Debug|Any CPU
		{0D6464C3-8B80-459A-B89B-366457B7A2E9}.Debug|Any CPU.Build.0 = Debug|Any CPU
		{0D6464C3-8B80-459A-B89B-366457B7A2E9}.Release|Any CPU.ActiveCfg = Release|Any CPU
		{0D6464C3-8B80-459A-B89B-366457B7A2E9}.Release|Any CPU.Build.0 = Release|Any CPU
		{1C622A13-C740-4DD1-8760-C200E8042562}.Debug|Any CPU.ActiveCfg = Debug|Any CPU
		{1C622A13-C740-4DD1-8760-C200E8042562}.Debug|Any CPU.Build.0 = Debug|Any CPU
		{1C622A13-C740-4DD1-8760-C200E8042562}.Release|Any CPU.ActiveCfg = Release|Any CPU
		{1C622A13-C740-4DD1-8760-C200E8042562}.Release|Any CPU.Build.0 = Release|Any CPU
		{45E84D0E-6347-40BE-80FD-3BFBEA444719}.Debug|Any CPU.ActiveCfg = Debug|Any CPU
		{45E84D0E-6347-40BE-80FD-3BFBEA444719}.Debug|Any CPU.Build.0 = Debug|Any CPU
		{45E84D0E-6347-40BE-80FD-3BFBEA444719}.Release|Any CPU.ActiveCfg = Release|Any CPU
		{45E84D0E-6347-40BE-80FD-3BFBEA444719}.Release|Any CPU.Build.0 = Release|Any CPU
		{3BD3DFB1-8291-4F84-B2FA-615A7C934083}.Debug|Any CPU.ActiveCfg = Debug|Any CPU
		{3BD3DFB1-8291-4F84-B2FA-615A7C934083}.Debug|Any CPU.Build.0 = Debug|Any CPU
		{3BD3DFB1-8291-4F84-B2FA-615A7C934083}.Release|Any CPU.ActiveCfg = Release|Any CPU
		{3BD3DFB1-8291-4F84-B2FA-615A7C934083}.Release|Any CPU.Build.0 = Release|Any CPU
		{18BBDB79-C4CF-45EE-A55B-3FA470AC3182}.Debug|Any CPU.ActiveCfg = Debug|Any CPU
		{18BBDB79-C4CF-45EE-A55B-3FA470AC3182}.Debug|Any CPU.Build.0 = Debug|Any CPU
		{18BBDB79-C4CF-45EE-A55B-3FA470AC3182}.Release|Any CPU.ActiveCfg = Release|Any CPU
		{18BBDB79-C4CF-45EE-A55B-3FA470AC3182}.Release|Any CPU.Build.0 = Release|Any CPU
		{8E33E8CF-A977-4E5A-B4DF-30564FF9AD1A}.Debug|Any CPU.ActiveCfg = Debug|Any CPU
		{8E33E8CF-A977-4E5A-B4DF-30564FF9AD1A}.Debug|Any CPU.Build.0 = Debug|Any CPU
		{8E33E8CF-A977-4E5A-B4DF-30564FF9AD1A}.Release|Any CPU.ActiveCfg = Release|Any CPU
		{8E33E8CF-A977-4E5A-B4DF-30564FF9AD1A}.Release|Any CPU.Build.0 = Release|Any CPU
		{BC03D4D8-242A-444B-B388-EB1985BE9E50}.Debug|Any CPU.ActiveCfg = Debug|Any CPU
		{BC03D4D8-242A-444B-B388-EB1985BE9E50}.Debug|Any CPU.Build.0 = Debug|Any CPU
		{BC03D4D8-242A-444B-B388-EB1985BE9E50}.Release|Any CPU.ActiveCfg = Release|Any CPU
		{BC03D4D8-242A-444B-B388-EB1985BE9E50}.Release|Any CPU.Build.0 = Release|Any CPU
		{6D4ED02D-8B33-40EC-9649-3D31E2CF7A62}.Debug|Any CPU.ActiveCfg = Debug|Any CPU
		{6D4ED02D-8B33-40EC-9649-3D31E2CF7A62}.Debug|Any CPU.Build.0 = Debug|Any CPU
		{6D4ED02D-8B33-40EC-9649-3D31E2CF7A62}.Release|Any CPU.ActiveCfg = Release|Any CPU
		{6D4ED02D-8B33-40EC-9649-3D31E2CF7A62}.Release|Any CPU.Build.0 = Release|Any CPU
		{F6292849-979F-488F-B698-9AFF7CB8E45C}.Debug|Any CPU.ActiveCfg = Debug|Any CPU
		{F6292849-979F-488F-B698-9AFF7CB8E45C}.Debug|Any CPU.Build.0 = Debug|Any CPU
		{F6292849-979F-488F-B698-9AFF7CB8E45C}.Release|Any CPU.ActiveCfg = Release|Any CPU
		{F6292849-979F-488F-B698-9AFF7CB8E45C}.Release|Any CPU.Build.0 = Release|Any CPU
		{A096381A-6F9D-459D-9113-BFC61D8989B8}.Debug|Any CPU.ActiveCfg = Debug|Any CPU
		{A096381A-6F9D-459D-9113-BFC61D8989B8}.Debug|Any CPU.Build.0 = Debug|Any CPU
		{A096381A-6F9D-459D-9113-BFC61D8989B8}.Release|Any CPU.ActiveCfg = Release|Any CPU
		{A096381A-6F9D-459D-9113-BFC61D8989B8}.Release|Any CPU.Build.0 = Release|Any CPU
		{6DF7DA69-9AFA-4C2D-AB6F-FEDFE52CD961}.Debug|Any CPU.ActiveCfg = Debug|Any CPU
		{6DF7DA69-9AFA-4C2D-AB6F-FEDFE52CD961}.Debug|Any CPU.Build.0 = Debug|Any CPU
		{6DF7DA69-9AFA-4C2D-AB6F-FEDFE52CD961}.Release|Any CPU.ActiveCfg = Release|Any CPU
		{6DF7DA69-9AFA-4C2D-AB6F-FEDFE52CD961}.Release|Any CPU.Build.0 = Release|Any CPU
		{2CAC79EA-6E28-4036-A428-40CB58116CCA}.Debug|Any CPU.ActiveCfg = Debug|Any CPU
		{2CAC79EA-6E28-4036-A428-40CB58116CCA}.Debug|Any CPU.Build.0 = Debug|Any CPU
		{2CAC79EA-6E28-4036-A428-40CB58116CCA}.Release|Any CPU.ActiveCfg = Release|Any CPU
		{2CAC79EA-6E28-4036-A428-40CB58116CCA}.Release|Any CPU.Build.0 = Release|Any CPU
		{5725967B-4516-43C7-A610-F138135B2A87}.Debug|Any CPU.ActiveCfg = Debug|Any CPU
		{5725967B-4516-43C7-A610-F138135B2A87}.Debug|Any CPU.Build.0 = Debug|Any CPU
		{5725967B-4516-43C7-A610-F138135B2A87}.Release|Any CPU.ActiveCfg = Release|Any CPU
		{5725967B-4516-43C7-A610-F138135B2A87}.Release|Any CPU.Build.0 = Release|Any CPU
		{2174D73B-685C-496B-AF33-694E09C21A73}.Debug|Any CPU.ActiveCfg = Debug|Any CPU
		{2174D73B-685C-496B-AF33-694E09C21A73}.Debug|Any CPU.Build.0 = Debug|Any CPU
		{2174D73B-685C-496B-AF33-694E09C21A73}.Release|Any CPU.ActiveCfg = Release|Any CPU
		{2174D73B-685C-496B-AF33-694E09C21A73}.Release|Any CPU.Build.0 = Release|Any CPU
		{C125DA27-8298-4E2C-B81B-6EE1DEC3BED9}.Debug|Any CPU.ActiveCfg = Debug|Any CPU
		{C125DA27-8298-4E2C-B81B-6EE1DEC3BED9}.Debug|Any CPU.Build.0 = Debug|Any CPU
		{C125DA27-8298-4E2C-B81B-6EE1DEC3BED9}.Release|Any CPU.ActiveCfg = Release|Any CPU
		{C125DA27-8298-4E2C-B81B-6EE1DEC3BED9}.Release|Any CPU.Build.0 = Release|Any CPU
		{4F35B167-34D8-421A-9807-652085971420}.Debug|Any CPU.ActiveCfg = Debug|Any CPU
		{4F35B167-34D8-421A-9807-652085971420}.Debug|Any CPU.Build.0 = Debug|Any CPU
		{4F35B167-34D8-421A-9807-652085971420}.Release|Any CPU.ActiveCfg = Release|Any CPU
		{4F35B167-34D8-421A-9807-652085971420}.Release|Any CPU.Build.0 = Release|Any CPU
		{7D9842BE-8D38-4E02-A2B1-17C99E6EA3D7}.Debug|Any CPU.ActiveCfg = Debug|Any CPU
		{7D9842BE-8D38-4E02-A2B1-17C99E6EA3D7}.Debug|Any CPU.Build.0 = Debug|Any CPU
		{7D9842BE-8D38-4E02-A2B1-17C99E6EA3D7}.Release|Any CPU.ActiveCfg = Release|Any CPU
		{7D9842BE-8D38-4E02-A2B1-17C99E6EA3D7}.Release|Any CPU.Build.0 = Release|Any CPU
		{663A7D36-0D0C-4500-B0C4-7D1DC39518BB}.Debug|Any CPU.ActiveCfg = Debug|Any CPU
		{663A7D36-0D0C-4500-B0C4-7D1DC39518BB}.Debug|Any CPU.Build.0 = Debug|Any CPU
		{663A7D36-0D0C-4500-B0C4-7D1DC39518BB}.Release|Any CPU.ActiveCfg = Release|Any CPU
		{663A7D36-0D0C-4500-B0C4-7D1DC39518BB}.Release|Any CPU.Build.0 = Release|Any CPU
		{3D201B2E-3DA5-499A-9FDE-1D4148E8BDE5}.Debug|Any CPU.ActiveCfg = Debug|Any CPU
		{3D201B2E-3DA5-499A-9FDE-1D4148E8BDE5}.Debug|Any CPU.Build.0 = Debug|Any CPU
		{3D201B2E-3DA5-499A-9FDE-1D4148E8BDE5}.Release|Any CPU.ActiveCfg = Release|Any CPU
		{3D201B2E-3DA5-499A-9FDE-1D4148E8BDE5}.Release|Any CPU.Build.0 = Release|Any CPU
		{39B0AEFB-C128-40C8-952B-048C9D92F7E9}.Debug|Any CPU.ActiveCfg = Debug|Any CPU
		{39B0AEFB-C128-40C8-952B-048C9D92F7E9}.Debug|Any CPU.Build.0 = Debug|Any CPU
		{39B0AEFB-C128-40C8-952B-048C9D92F7E9}.Release|Any CPU.ActiveCfg = Release|Any CPU
		{39B0AEFB-C128-40C8-952B-048C9D92F7E9}.Release|Any CPU.Build.0 = Release|Any CPU
		{545346C8-D27F-4A28-8654-6A12093A6A07}.Debug|Any CPU.ActiveCfg = Debug|Any CPU
		{545346C8-D27F-4A28-8654-6A12093A6A07}.Debug|Any CPU.Build.0 = Debug|Any CPU
		{545346C8-D27F-4A28-8654-6A12093A6A07}.Release|Any CPU.ActiveCfg = Release|Any CPU
		{545346C8-D27F-4A28-8654-6A12093A6A07}.Release|Any CPU.Build.0 = Release|Any CPU
		{AF3A54EF-5FC2-48B8-BAA8-C4FC57524294}.Debug|Any CPU.ActiveCfg = Debug|Any CPU
		{AF3A54EF-5FC2-48B8-BAA8-C4FC57524294}.Debug|Any CPU.Build.0 = Debug|Any CPU
		{AF3A54EF-5FC2-48B8-BAA8-C4FC57524294}.Release|Any CPU.ActiveCfg = Release|Any CPU
		{AF3A54EF-5FC2-48B8-BAA8-C4FC57524294}.Release|Any CPU.Build.0 = Release|Any CPU
		{4C4942C3-E4A2-4D75-A1FC-8B83B15FE03B}.Debug|Any CPU.ActiveCfg = Debug|Any CPU
		{4C4942C3-E4A2-4D75-A1FC-8B83B15FE03B}.Debug|Any CPU.Build.0 = Debug|Any CPU
		{4C4942C3-E4A2-4D75-A1FC-8B83B15FE03B}.Release|Any CPU.ActiveCfg = Release|Any CPU
		{4C4942C3-E4A2-4D75-A1FC-8B83B15FE03B}.Release|Any CPU.Build.0 = Release|Any CPU
		{2D6201B9-20D6-4226-9956-8DF812ABA7DD}.Debug|Any CPU.ActiveCfg = Debug|Any CPU
		{2D6201B9-20D6-4226-9956-8DF812ABA7DD}.Debug|Any CPU.Build.0 = Debug|Any CPU
		{2D6201B9-20D6-4226-9956-8DF812ABA7DD}.Release|Any CPU.ActiveCfg = Release|Any CPU
		{2D6201B9-20D6-4226-9956-8DF812ABA7DD}.Release|Any CPU.Build.0 = Release|Any CPU
		{35E094DA-2A34-4B93-BDC5-06E5BFE39D7B}.Debug|Any CPU.ActiveCfg = Debug|Any CPU
		{35E094DA-2A34-4B93-BDC5-06E5BFE39D7B}.Debug|Any CPU.Build.0 = Debug|Any CPU
		{35E094DA-2A34-4B93-BDC5-06E5BFE39D7B}.Release|Any CPU.ActiveCfg = Release|Any CPU
		{35E094DA-2A34-4B93-BDC5-06E5BFE39D7B}.Release|Any CPU.Build.0 = Release|Any CPU
		{DE492957-7B73-4F5C-B949-EBE77D14A92A}.Debug|Any CPU.ActiveCfg = Debug|Any CPU
		{DE492957-7B73-4F5C-B949-EBE77D14A92A}.Debug|Any CPU.Build.0 = Debug|Any CPU
		{DE492957-7B73-4F5C-B949-EBE77D14A92A}.Release|Any CPU.ActiveCfg = Release|Any CPU
		{DE492957-7B73-4F5C-B949-EBE77D14A92A}.Release|Any CPU.Build.0 = Release|Any CPU
		{0F08E5D5-89BA-428F-8330-0F241848641A}.Debug|Any CPU.ActiveCfg = Debug|Any CPU
		{0F08E5D5-89BA-428F-8330-0F241848641A}.Debug|Any CPU.Build.0 = Debug|Any CPU
		{0F08E5D5-89BA-428F-8330-0F241848641A}.Release|Any CPU.ActiveCfg = Release|Any CPU
		{0F08E5D5-89BA-428F-8330-0F241848641A}.Release|Any CPU.Build.0 = Release|Any CPU
		{769F3ED0-FB4C-42B6-BE3B-A2B0FF967160}.Debug|Any CPU.ActiveCfg = Debug|Any CPU
		{769F3ED0-FB4C-42B6-BE3B-A2B0FF967160}.Debug|Any CPU.Build.0 = Debug|Any CPU
		{769F3ED0-FB4C-42B6-BE3B-A2B0FF967160}.Release|Any CPU.ActiveCfg = Release|Any CPU
		{769F3ED0-FB4C-42B6-BE3B-A2B0FF967160}.Release|Any CPU.Build.0 = Release|Any CPU
		{2FEAB943-F26F-41B6-9F85-374141BE7EE1}.Debug|Any CPU.ActiveCfg = Debug|Any CPU
		{2FEAB943-F26F-41B6-9F85-374141BE7EE1}.Debug|Any CPU.Build.0 = Debug|Any CPU
		{2FEAB943-F26F-41B6-9F85-374141BE7EE1}.Release|Any CPU.ActiveCfg = Release|Any CPU
		{2FEAB943-F26F-41B6-9F85-374141BE7EE1}.Release|Any CPU.Build.0 = Release|Any CPU
		{0C41A07C-F76C-48CC-A8A4-8B63CD2FBC75}.Debug|Any CPU.ActiveCfg = Debug|Any CPU
		{0C41A07C-F76C-48CC-A8A4-8B63CD2FBC75}.Debug|Any CPU.Build.0 = Debug|Any CPU
		{0C41A07C-F76C-48CC-A8A4-8B63CD2FBC75}.Release|Any CPU.ActiveCfg = Release|Any CPU
		{0C41A07C-F76C-48CC-A8A4-8B63CD2FBC75}.Release|Any CPU.Build.0 = Release|Any CPU
	EndGlobalSection
	GlobalSection(SolutionProperties) = preSolution
		HideSolutionNode = FALSE
	EndGlobalSection
	GlobalSection(NestedProjects) = preSolution
		{73B39FF0-2C33-4DE3-9E86-2B1C2512A831} = {64085CBF-2292-4973-88EB-FC32E66B9B2D}
		{326BEEC5-2F4D-4FB7-A984-B171D8BE0F00} = {64085CBF-2292-4973-88EB-FC32E66B9B2D}
		{4AF6038A-93E5-40E9-AE6D-6D9EB1BEA322} = {64085CBF-2292-4973-88EB-FC32E66B9B2D}
		{43FFCD7F-FD2F-4A06-A2B7-0785FE3D094D} = {64085CBF-2292-4973-88EB-FC32E66B9B2D}
		{98E10B7C-0903-48F1-9C06-CD88D276DC10} = {64085CBF-2292-4973-88EB-FC32E66B9B2D}
		{3DE40FFC-74DC-4E56-AE9E-6235988D4E62} = {64085CBF-2292-4973-88EB-FC32E66B9B2D}
		{DE7AC5DC-A9A2-41E5-B34C-458221F616D8} = {64085CBF-2292-4973-88EB-FC32E66B9B2D}
		{2EAEE28B-FF30-42C2-AECC-855459DBB8AD} = {64085CBF-2292-4973-88EB-FC32E66B9B2D}
		{0287A872-095F-4060-93EC-164FB4F4081A} = {64085CBF-2292-4973-88EB-FC32E66B9B2D}
		{B0A0CA6E-3B13-47A4-A6A6-BB7C5C5BB1EE} = {64085CBF-2292-4973-88EB-FC32E66B9B2D}
		{353C4AC3-7530-4F63-A4A6-388EB6C7FEF7} = {64085CBF-2292-4973-88EB-FC32E66B9B2D}
		{03BA17AF-CD0E-464F-AAA8-AA5068C005E0} = {64085CBF-2292-4973-88EB-FC32E66B9B2D}
		{9D53F607-90AF-47F3-A536-4A9CC45B8FC3} = {64085CBF-2292-4973-88EB-FC32E66B9B2D}
		{FA04FFFA-25DA-4778-8F83-9B914366FC66} = {64085CBF-2292-4973-88EB-FC32E66B9B2D}
		{D33DE289-EBC2-4F79-B8B1-F8B2B2F92955} = {64085CBF-2292-4973-88EB-FC32E66B9B2D}
		{90EDA6B6-7872-455C-A509-EF8704BFF7FE} = {64085CBF-2292-4973-88EB-FC32E66B9B2D}
		{C43FB882-461A-4B55-A0DE-0AC7C2FE7310} = {64085CBF-2292-4973-88EB-FC32E66B9B2D}
		{A290B442-2A98-4361-A605-ADCF7E6FDCE7} = {64085CBF-2292-4973-88EB-FC32E66B9B2D}
		{68DE9840-87A0-4120-8CB5-E265AF38FAAD} = {64085CBF-2292-4973-88EB-FC32E66B9B2D}
		{67210962-702A-4E0D-B64A-D8D33F318E73} = {64085CBF-2292-4973-88EB-FC32E66B9B2D}
		{0C97DEDF-46E0-432D-9792-3DC51914BDDD} = {64085CBF-2292-4973-88EB-FC32E66B9B2D}
		{702B8B75-C51B-4FF1-93B5-373C77168642} = {64085CBF-2292-4973-88EB-FC32E66B9B2D}
		{746AFB00-99FC-4908-A702-3AD51E0B704D} = {64085CBF-2292-4973-88EB-FC32E66B9B2D}
		{99ACA905-F92A-46AA-911D-E1E6C2613447} = {64085CBF-2292-4973-88EB-FC32E66B9B2D}
		{3014596E-E6AE-4051-A0DA-151080A50E18} = {64085CBF-2292-4973-88EB-FC32E66B9B2D}
		{ADF379E8-A1B8-4B70-A4DF-65E21B50FAB3} = {64085CBF-2292-4973-88EB-FC32E66B9B2D}
		{0F300169-171F-42F8-AF9D-57F99BA5A1FB} = {64085CBF-2292-4973-88EB-FC32E66B9B2D}
		{11E96214-F81D-43B9-9FDA-47A142F5C1C8} = {64085CBF-2292-4973-88EB-FC32E66B9B2D}
		{E001D6FD-E85D-4FBF-84FE-1E509685011A} = {64085CBF-2292-4973-88EB-FC32E66B9B2D}
		{0741007D-AFC8-455F-85AD-C41BD54B650F} = {64085CBF-2292-4973-88EB-FC32E66B9B2D}
		{E126BBBD-D86A-433B-88A6-822DAEDBBE40} = {64085CBF-2292-4973-88EB-FC32E66B9B2D}
		{477B89A8-66C6-4E36-BA79-966E4BDBFAA7} = {65839206-C162-4ED1-BBED-668A127F759A}
		{C587F681-E41E-4D6D-82D9-E60AD3A1C933} = {C3D16B84-6DC7-4DDA-8A87-51A2C2603C2C}
		{AA633ED2-F3D4-4D5D-BE2F-C66CEED3B86C} = {C3D16B84-6DC7-4DDA-8A87-51A2C2603C2C}
		{EBE83729-A123-4BBA-A09E-D421250FE9D5} = {C3D16B84-6DC7-4DDA-8A87-51A2C2603C2C}
		{32B8070C-FBA1-4DF1-B941-7B86F6F9C9E5} = {C3D16B84-6DC7-4DDA-8A87-51A2C2603C2C}
		{2AC13DA1-5357-47A1-A8C4-AFB5209D6E1C} = {C3D16B84-6DC7-4DDA-8A87-51A2C2603C2C}
		{ABAF3BC5-E97E-43C0-BB19-BFCF86F81957} = {C3D16B84-6DC7-4DDA-8A87-51A2C2603C2C}
		{0666FA76-CBBB-4E41-804B-06796D20604D} = {64085CBF-2292-4973-88EB-FC32E66B9B2D}
		{DEE8CDCF-69A1-4132-A538-039FE4309225} = {C3D16B84-6DC7-4DDA-8A87-51A2C2603C2C}
		{3EEBEFDF-7434-4A99-BC38-8D8800D96CC4} = {C3D16B84-6DC7-4DDA-8A87-51A2C2603C2C}
		{E3316993-9A7C-4143-A3E1-A92D80744B15} = {C3D16B84-6DC7-4DDA-8A87-51A2C2603C2C}
		{14DD80E1-19A2-4CC9-97FA-A0A44140DB0D} = {C3D16B84-6DC7-4DDA-8A87-51A2C2603C2C}
		{64F8E239-C173-425C-841C-AA5018900003} = {C3D16B84-6DC7-4DDA-8A87-51A2C2603C2C}
		{D5F5EB59-4A39-4353-82A1-861FDBD1154E} = {C3D16B84-6DC7-4DDA-8A87-51A2C2603C2C}
		{01B5DE49-57B9-445B-99FD-01311DEC028A} = {C3D16B84-6DC7-4DDA-8A87-51A2C2603C2C}
		{850C2C07-28C1-4F93-95F1-152FA83ACD12} = {C3D16B84-6DC7-4DDA-8A87-51A2C2603C2C}
		{2956D139-8D7F-41ED-83C3-B19F4CBA68F1} = {C3D16B84-6DC7-4DDA-8A87-51A2C2603C2C}
		{9E2D4F87-5485-4BD4-B148-DFB9A759CCC6} = {C3D16B84-6DC7-4DDA-8A87-51A2C2603C2C}
		{C3D16B84-6DC7-4DDA-8A87-51A2C2603C2C} = {6ACFC89A-4762-46CB-BAEC-F22E1A239A71}
		{65839206-C162-4ED1-BBED-668A127F759A} = {6ACFC89A-4762-46CB-BAEC-F22E1A239A71}
		{78A3ECC5-B137-4C0F-98CC-CACB9429D564} = {6ACFC89A-4762-46CB-BAEC-F22E1A239A71}
		{A88D40FD-0A14-402C-B3A5-5D22DC5E680C} = {78A3ECC5-B137-4C0F-98CC-CACB9429D564}
		{CBCCA08B-7167-4276-A6E1-DA33121E93A3} = {78A3ECC5-B137-4C0F-98CC-CACB9429D564}
		{D436F967-98AB-48A8-B681-E423BC07234A} = {78A3ECC5-B137-4C0F-98CC-CACB9429D564}
		{AF5E5053-6F5C-40A4-9F7E-F02CE44A6EA1} = {78A3ECC5-B137-4C0F-98CC-CACB9429D564}
		{81F190A8-D61E-4242-9259-551FA9797C26} = {78A3ECC5-B137-4C0F-98CC-CACB9429D564}
		{A40D78F0-FD6D-4EBA-9EE2-EA997BAAD39A} = {78A3ECC5-B137-4C0F-98CC-CACB9429D564}
		{A579AEBB-63E7-4358-A721-97ADF23C78FF} = {78A3ECC5-B137-4C0F-98CC-CACB9429D564}
		{63F04478-1B5C-42A3-BFDC-859473FF914B} = {78A3ECC5-B137-4C0F-98CC-CACB9429D564}
		{E51BD602-205B-42D0-A561-587FBF753068} = {78A3ECC5-B137-4C0F-98CC-CACB9429D564}
		{F5EA7C65-0FE1-4B81-B077-B805B5B9B6EF} = {78A3ECC5-B137-4C0F-98CC-CACB9429D564}
		{88C1713A-33AD-4470-B884-C2A0027AD512} = {78A3ECC5-B137-4C0F-98CC-CACB9429D564}
		{B45D15AA-61C9-4972-B7F3-FD5F8618AB8C} = {78A3ECC5-B137-4C0F-98CC-CACB9429D564}
		{FE12CF9D-FB31-4AE6-B27B-A76A16AF9BC0} = {78A3ECC5-B137-4C0F-98CC-CACB9429D564}
		{DE5CED81-6DE6-429F-81CB-77E0FCC07E47} = {6ACFC89A-4762-46CB-BAEC-F22E1A239A71}
		{8912A630-2BE5-4E7A-B27F-EB59E007DE06} = {DE5CED81-6DE6-429F-81CB-77E0FCC07E47}
		{CAC87FE3-59E2-4FDE-B3B6-2E2CB07A07D4} = {DE5CED81-6DE6-429F-81CB-77E0FCC07E47}
		{384970E8-3B56-44E6-81F0-38EB4DC9F6D5} = {DE5CED81-6DE6-429F-81CB-77E0FCC07E47}
		{0D6464C3-8B80-459A-B89B-366457B7A2E9} = {DE5CED81-6DE6-429F-81CB-77E0FCC07E47}
		{1C622A13-C740-4DD1-8760-C200E8042562} = {DE5CED81-6DE6-429F-81CB-77E0FCC07E47}
		{45E84D0E-6347-40BE-80FD-3BFBEA444719} = {DE5CED81-6DE6-429F-81CB-77E0FCC07E47}
		{3BD3DFB1-8291-4F84-B2FA-615A7C934083} = {DE5CED81-6DE6-429F-81CB-77E0FCC07E47}
		{AF6C6807-B37C-488F-8A5A-DF245B58418D} = {6ACFC89A-4762-46CB-BAEC-F22E1A239A71}
		{18BBDB79-C4CF-45EE-A55B-3FA470AC3182} = {AF6C6807-B37C-488F-8A5A-DF245B58418D}
		{8E33E8CF-A977-4E5A-B4DF-30564FF9AD1A} = {AF6C6807-B37C-488F-8A5A-DF245B58418D}
		{BC03D4D8-242A-444B-B388-EB1985BE9E50} = {AF6C6807-B37C-488F-8A5A-DF245B58418D}
		{6D4ED02D-8B33-40EC-9649-3D31E2CF7A62} = {AF6C6807-B37C-488F-8A5A-DF245B58418D}
		{95FC4B36-C4B9-460C-88B2-E220106092A6} = {6ACFC89A-4762-46CB-BAEC-F22E1A239A71}
		{F6292849-979F-488F-B698-9AFF7CB8E45C} = {95FC4B36-C4B9-460C-88B2-E220106092A6}
		{A096381A-6F9D-459D-9113-BFC61D8989B8} = {95FC4B36-C4B9-460C-88B2-E220106092A6}
		{6DF7DA69-9AFA-4C2D-AB6F-FEDFE52CD961} = {95FC4B36-C4B9-460C-88B2-E220106092A6}
		{2CAC79EA-6E28-4036-A428-40CB58116CCA} = {95FC4B36-C4B9-460C-88B2-E220106092A6}
		{5725967B-4516-43C7-A610-F138135B2A87} = {95FC4B36-C4B9-460C-88B2-E220106092A6}
		{2174D73B-685C-496B-AF33-694E09C21A73} = {95FC4B36-C4B9-460C-88B2-E220106092A6}
		{C125DA27-8298-4E2C-B81B-6EE1DEC3BED9} = {95FC4B36-C4B9-460C-88B2-E220106092A6}
		{4F35B167-34D8-421A-9807-652085971420} = {95FC4B36-C4B9-460C-88B2-E220106092A6}
		{7D9842BE-8D38-4E02-A2B1-17C99E6EA3D7} = {95FC4B36-C4B9-460C-88B2-E220106092A6}
		{E99D7A4E-D6D3-486D-8121-B9FFF1BBA1FA} = {6ACFC89A-4762-46CB-BAEC-F22E1A239A71}
		{663A7D36-0D0C-4500-B0C4-7D1DC39518BB} = {E99D7A4E-D6D3-486D-8121-B9FFF1BBA1FA}
		{3D201B2E-3DA5-499A-9FDE-1D4148E8BDE5} = {E99D7A4E-D6D3-486D-8121-B9FFF1BBA1FA}
		{39B0AEFB-C128-40C8-952B-048C9D92F7E9} = {E99D7A4E-D6D3-486D-8121-B9FFF1BBA1FA}
		{545346C8-D27F-4A28-8654-6A12093A6A07} = {64085CBF-2292-4973-88EB-FC32E66B9B2D}
		{0E3E32CC-3E38-48F0-8E40-A56C963B2DE8} = {6ACFC89A-4762-46CB-BAEC-F22E1A239A71}
		{AF3A54EF-5FC2-48B8-BAA8-C4FC57524294} = {0E3E32CC-3E38-48F0-8E40-A56C963B2DE8}
		{4C4942C3-E4A2-4D75-A1FC-8B83B15FE03B} = {64085CBF-2292-4973-88EB-FC32E66B9B2D}
		{391DD153-E609-4773-8C74-DD80F3225FB6} = {6ACFC89A-4762-46CB-BAEC-F22E1A239A71}
		{2D6201B9-20D6-4226-9956-8DF812ABA7DD} = {391DD153-E609-4773-8C74-DD80F3225FB6}
		{35E094DA-2A34-4B93-BDC5-06E5BFE39D7B} = {391DD153-E609-4773-8C74-DD80F3225FB6}
		{DE492957-7B73-4F5C-B949-EBE77D14A92A} = {391DD153-E609-4773-8C74-DD80F3225FB6}
		{0F08E5D5-89BA-428F-8330-0F241848641A} = {391DD153-E609-4773-8C74-DD80F3225FB6}
		{769F3ED0-FB4C-42B6-BE3B-A2B0FF967160} = {391DD153-E609-4773-8C74-DD80F3225FB6}
		{2FEAB943-F26F-41B6-9F85-374141BE7EE1} = {391DD153-E609-4773-8C74-DD80F3225FB6}
		{0C41A07C-F76C-48CC-A8A4-8B63CD2FBC75} = {391DD153-E609-4773-8C74-DD80F3225FB6}
	EndGlobalSection
	GlobalSection(ExtensibilityGlobals) = postSolution
		SolutionGuid = {F56DB581-6B57-4D3A-8EB3-74EB41D3C55B}
	EndGlobalSection
EndGlobal
